
Microsoft Visual Studio Solution File, Format Version 12.00
# Visual Studio 14
VisualStudioVersion = 14.0.25420.1
MinimumVisualStudioVersion = 10.0.40219.1
Project("{F14B399A-7131-4C87-9E4B-1186C45EF12D}") = "Reports", "Reports.rptproj", "{6881F812-4D39-4187-B1B3-1516210B9B6A}"
EndProject
Project("{FAE04EC0-301F-11D3-BF4B-00C04F79EFBC}") = "RMA_DATA", "RMA_DATA\RMA_DATA.csproj", "{1B4F4394-214C-4EC6-991B-7EC75489CA94}"
EndProject
Project("{F14B399A-7131-4C87-9E4B-1186C45EF12D}") = "RMA_RDL", "RMA_RDL\RMA_RDL.rptproj", "{200DBED6-7C3A-49BC-8486-AF0A9D4C5532}"
EndProject
Global
	GlobalSection(SolutionConfigurationPlatforms) = preSolution
		Debug|Any CPU = Debug|Any CPU
		Debug|x64 = Debug|x64
		DebugLocal|Any CPU = DebugLocal|Any CPU
		DebugLocal|x64 = DebugLocal|x64
		Mark Local|Any CPU = Mark Local|Any CPU
		Mark Local|x64 = Mark Local|x64
		Mark|Any CPU = Mark|Any CPU
		Mark|x64 = Mark|x64
		Release|Any CPU = Release|Any CPU
		Release|x64 = Release|x64
		RMADROP2|Any CPU = RMADROP2|Any CPU
		RMADROP2|x64 = RMADROP2|x64
		RMADROP4|Any CPU = RMADROP4|Any CPU
		RMADROP4|x64 = RMADROP4|x64
		RMAQA2|Any CPU = RMAQA2|Any CPU
		RMAQA2|x64 = RMAQA2|x64
		RMASCRIPT|Any CPU = RMASCRIPT|Any CPU
		RMASCRIPT|x64 = RMASCRIPT|x64
		RMASQL2016|Any CPU = RMASQL2016|Any CPU
		RMASQL2016|x64 = RMASQL2016|x64
		TS-01|Any CPU = TS-01|Any CPU
		TS-01|x64 = TS-01|x64
	EndGlobalSection
	GlobalSection(ProjectConfigurationPlatforms) = postSolution
		{6881F812-4D39-4187-B1B3-1516210B9B6A}.Debug|Any CPU.ActiveCfg = Debug
		{6881F812-4D39-4187-B1B3-1516210B9B6A}.Debug|Any CPU.Build.0 = Debug
		{6881F812-4D39-4187-B1B3-1516210B9B6A}.Debug|Any CPU.Deploy.0 = Debug
		{6881F812-4D39-4187-B1B3-1516210B9B6A}.Debug|x64.ActiveCfg = Debug
		{6881F812-4D39-4187-B1B3-1516210B9B6A}.Debug|x64.Build.0 = Debug
		{6881F812-4D39-4187-B1B3-1516210B9B6A}.Debug|x64.Deploy.0 = Debug
		{6881F812-4D39-4187-B1B3-1516210B9B6A}.DebugLocal|Any CPU.ActiveCfg = DebugLocal
		{6881F812-4D39-4187-B1B3-1516210B9B6A}.DebugLocal|Any CPU.Build.0 = DebugLocal
		{6881F812-4D39-4187-B1B3-1516210B9B6A}.DebugLocal|Any CPU.Deploy.0 = DebugLocal
		{6881F812-4D39-4187-B1B3-1516210B9B6A}.DebugLocal|x64.ActiveCfg = DebugLocal
		{6881F812-4D39-4187-B1B3-1516210B9B6A}.DebugLocal|x64.Build.0 = DebugLocal
		{6881F812-4D39-4187-B1B3-1516210B9B6A}.DebugLocal|x64.Deploy.0 = DebugLocal
		{6881F812-4D39-4187-B1B3-1516210B9B6A}.Mark Local|Any CPU.ActiveCfg = Release
		{6881F812-4D39-4187-B1B3-1516210B9B6A}.Mark Local|Any CPU.Build.0 = Release
		{6881F812-4D39-4187-B1B3-1516210B9B6A}.Mark Local|Any CPU.Deploy.0 = Release
		{6881F812-4D39-4187-B1B3-1516210B9B6A}.Mark Local|x64.ActiveCfg = Release
		{6881F812-4D39-4187-B1B3-1516210B9B6A}.Mark Local|x64.Build.0 = Release
		{6881F812-4D39-4187-B1B3-1516210B9B6A}.Mark Local|x64.Deploy.0 = Release
		{6881F812-4D39-4187-B1B3-1516210B9B6A}.Mark|Any CPU.ActiveCfg = Release
		{6881F812-4D39-4187-B1B3-1516210B9B6A}.Mark|Any CPU.Build.0 = Release
		{6881F812-4D39-4187-B1B3-1516210B9B6A}.Mark|Any CPU.Deploy.0 = Release
		{6881F812-4D39-4187-B1B3-1516210B9B6A}.Mark|x64.ActiveCfg = Release
		{6881F812-4D39-4187-B1B3-1516210B9B6A}.Mark|x64.Build.0 = Release
		{6881F812-4D39-4187-B1B3-1516210B9B6A}.Mark|x64.Deploy.0 = Release
		{6881F812-4D39-4187-B1B3-1516210B9B6A}.Release|Any CPU.ActiveCfg = Release
		{6881F812-4D39-4187-B1B3-1516210B9B6A}.Release|Any CPU.Build.0 = Release
		{6881F812-4D39-4187-B1B3-1516210B9B6A}.Release|Any CPU.Deploy.0 = Release
		{6881F812-4D39-4187-B1B3-1516210B9B6A}.Release|x64.ActiveCfg = Release
		{6881F812-4D39-4187-B1B3-1516210B9B6A}.Release|x64.Build.0 = Release
		{6881F812-4D39-4187-B1B3-1516210B9B6A}.Release|x64.Deploy.0 = Release
		{6881F812-4D39-4187-B1B3-1516210B9B6A}.RMADROP2|Any CPU.ActiveCfg = Release
		{6881F812-4D39-4187-B1B3-1516210B9B6A}.RMADROP2|Any CPU.Build.0 = Release
		{6881F812-4D39-4187-B1B3-1516210B9B6A}.RMADROP2|Any CPU.Deploy.0 = Release
		{6881F812-4D39-4187-B1B3-1516210B9B6A}.RMADROP2|x64.ActiveCfg = Release
		{6881F812-4D39-4187-B1B3-1516210B9B6A}.RMADROP2|x64.Build.0 = Release
		{6881F812-4D39-4187-B1B3-1516210B9B6A}.RMADROP2|x64.Deploy.0 = Release
		{6881F812-4D39-4187-B1B3-1516210B9B6A}.RMADROP4|Any CPU.ActiveCfg = Release
		{6881F812-4D39-4187-B1B3-1516210B9B6A}.RMADROP4|Any CPU.Build.0 = Release
		{6881F812-4D39-4187-B1B3-1516210B9B6A}.RMADROP4|Any CPU.Deploy.0 = Release
		{6881F812-4D39-4187-B1B3-1516210B9B6A}.RMADROP4|x64.ActiveCfg = Release
		{6881F812-4D39-4187-B1B3-1516210B9B6A}.RMADROP4|x64.Build.0 = Release
		{6881F812-4D39-4187-B1B3-1516210B9B6A}.RMADROP4|x64.Deploy.0 = Release
		{6881F812-4D39-4187-B1B3-1516210B9B6A}.RMAQA2|Any CPU.ActiveCfg = Release
		{6881F812-4D39-4187-B1B3-1516210B9B6A}.RMAQA2|Any CPU.Build.0 = Release
		{6881F812-4D39-4187-B1B3-1516210B9B6A}.RMAQA2|Any CPU.Deploy.0 = Release
		{6881F812-4D39-4187-B1B3-1516210B9B6A}.RMAQA2|x64.ActiveCfg = Release
		{6881F812-4D39-4187-B1B3-1516210B9B6A}.RMAQA2|x64.Build.0 = Release
		{6881F812-4D39-4187-B1B3-1516210B9B6A}.RMAQA2|x64.Deploy.0 = Release
		{6881F812-4D39-4187-B1B3-1516210B9B6A}.RMASCRIPT|Any CPU.ActiveCfg = Release
		{6881F812-4D39-4187-B1B3-1516210B9B6A}.RMASCRIPT|Any CPU.Build.0 = Release
		{6881F812-4D39-4187-B1B3-1516210B9B6A}.RMASCRIPT|Any CPU.Deploy.0 = Release
		{6881F812-4D39-4187-B1B3-1516210B9B6A}.RMASCRIPT|x64.ActiveCfg = Release
		{6881F812-4D39-4187-B1B3-1516210B9B6A}.RMASCRIPT|x64.Build.0 = Release
		{6881F812-4D39-4187-B1B3-1516210B9B6A}.RMASCRIPT|x64.Deploy.0 = Release
		{6881F812-4D39-4187-B1B3-1516210B9B6A}.RMASQL2016|Any CPU.ActiveCfg = Release
		{6881F812-4D39-4187-B1B3-1516210B9B6A}.RMASQL2016|Any CPU.Build.0 = Release
		{6881F812-4D39-4187-B1B3-1516210B9B6A}.RMASQL2016|Any CPU.Deploy.0 = Release
		{6881F812-4D39-4187-B1B3-1516210B9B6A}.RMASQL2016|x64.ActiveCfg = Release
		{6881F812-4D39-4187-B1B3-1516210B9B6A}.RMASQL2016|x64.Build.0 = Release
		{6881F812-4D39-4187-B1B3-1516210B9B6A}.RMASQL2016|x64.Deploy.0 = Release
		{6881F812-4D39-4187-B1B3-1516210B9B6A}.TS-01|Any CPU.ActiveCfg = Release
		{6881F812-4D39-4187-B1B3-1516210B9B6A}.TS-01|Any CPU.Build.0 = Release
		{6881F812-4D39-4187-B1B3-1516210B9B6A}.TS-01|Any CPU.Deploy.0 = Release
		{6881F812-4D39-4187-B1B3-1516210B9B6A}.TS-01|x64.ActiveCfg = Release
		{6881F812-4D39-4187-B1B3-1516210B9B6A}.TS-01|x64.Build.0 = Release
		{6881F812-4D39-4187-B1B3-1516210B9B6A}.TS-01|x64.Deploy.0 = Release
		{1B4F4394-214C-4EC6-991B-7EC75489CA94}.Debug|Any CPU.ActiveCfg = Debug|Any CPU
		{1B4F4394-214C-4EC6-991B-7EC75489CA94}.Debug|Any CPU.Build.0 = Debug|Any CPU
		{1B4F4394-214C-4EC6-991B-7EC75489CA94}.Debug|x64.ActiveCfg = Debug|x64
		{1B4F4394-214C-4EC6-991B-7EC75489CA94}.Debug|x64.Build.0 = Debug|x64
		{1B4F4394-214C-4EC6-991B-7EC75489CA94}.DebugLocal|Any CPU.ActiveCfg = Debug|Any CPU
		{1B4F4394-214C-4EC6-991B-7EC75489CA94}.DebugLocal|Any CPU.Build.0 = Debug|Any CPU
		{1B4F4394-214C-4EC6-991B-7EC75489CA94}.DebugLocal|x64.ActiveCfg = Debug|x64
		{1B4F4394-214C-4EC6-991B-7EC75489CA94}.DebugLocal|x64.Build.0 = Debug|x64
		{1B4F4394-214C-4EC6-991B-7EC75489CA94}.Mark Local|Any CPU.ActiveCfg = Mark Local|Any CPU
		{1B4F4394-214C-4EC6-991B-7EC75489CA94}.Mark Local|Any CPU.Build.0 = Mark Local|Any CPU
		{1B4F4394-214C-4EC6-991B-7EC75489CA94}.Mark Local|x64.ActiveCfg = Mark Local|x64
		{1B4F4394-214C-4EC6-991B-7EC75489CA94}.Mark Local|x64.Build.0 = Mark Local|x64
		{1B4F4394-214C-4EC6-991B-7EC75489CA94}.Mark|Any CPU.ActiveCfg = Mark|Any CPU
		{1B4F4394-214C-4EC6-991B-7EC75489CA94}.Mark|Any CPU.Build.0 = Mark|Any CPU
		{1B4F4394-214C-4EC6-991B-7EC75489CA94}.Mark|x64.ActiveCfg = Mark|x64
		{1B4F4394-214C-4EC6-991B-7EC75489CA94}.Mark|x64.Build.0 = Mark|x64
		{1B4F4394-214C-4EC6-991B-7EC75489CA94}.Release|Any CPU.ActiveCfg = Release|Any CPU
		{1B4F4394-214C-4EC6-991B-7EC75489CA94}.Release|Any CPU.Build.0 = Release|Any CPU
		{1B4F4394-214C-4EC6-991B-7EC75489CA94}.Release|x64.ActiveCfg = Release|x64
		{1B4F4394-214C-4EC6-991B-7EC75489CA94}.Release|x64.Build.0 = Release|x64
		{1B4F4394-214C-4EC6-991B-7EC75489CA94}.RMADROP2|Any CPU.ActiveCfg = RMADROP2|Any CPU
		{1B4F4394-214C-4EC6-991B-7EC75489CA94}.RMADROP2|Any CPU.Build.0 = RMADROP2|Any CPU
		{1B4F4394-214C-4EC6-991B-7EC75489CA94}.RMADROP2|x64.ActiveCfg = RMADROP2|x64
		{1B4F4394-214C-4EC6-991B-7EC75489CA94}.RMADROP2|x64.Build.0 = RMADROP2|x64
		{1B4F4394-214C-4EC6-991B-7EC75489CA94}.RMADROP4|Any CPU.ActiveCfg = RMADROP4|Any CPU
		{1B4F4394-214C-4EC6-991B-7EC75489CA94}.RMADROP4|Any CPU.Build.0 = RMADROP4|Any CPU
		{1B4F4394-214C-4EC6-991B-7EC75489CA94}.RMADROP4|x64.ActiveCfg = RMADROP4|x64
		{1B4F4394-214C-4EC6-991B-7EC75489CA94}.RMADROP4|x64.Build.0 = RMADROP4|x64
		{1B4F4394-214C-4EC6-991B-7EC75489CA94}.RMAQA2|Any CPU.ActiveCfg = RMAQA2|Any CPU
		{1B4F4394-214C-4EC6-991B-7EC75489CA94}.RMAQA2|Any CPU.Build.0 = RMAQA2|Any CPU
		{1B4F4394-214C-4EC6-991B-7EC75489CA94}.RMAQA2|x64.ActiveCfg = RMAQA2|x64
		{1B4F4394-214C-4EC6-991B-7EC75489CA94}.RMAQA2|x64.Build.0 = RMAQA2|x64
		{1B4F4394-214C-4EC6-991B-7EC75489CA94}.RMASCRIPT|Any CPU.ActiveCfg = RMASCRIPT|Any CPU
		{1B4F4394-214C-4EC6-991B-7EC75489CA94}.RMASCRIPT|Any CPU.Build.0 = RMASCRIPT|Any CPU
		{1B4F4394-214C-4EC6-991B-7EC75489CA94}.RMASCRIPT|x64.ActiveCfg = RMASCRIPT|x64
		{1B4F4394-214C-4EC6-991B-7EC75489CA94}.RMASCRIPT|x64.Build.0 = RMASCRIPT|x64
		{1B4F4394-214C-4EC6-991B-7EC75489CA94}.RMASQL2016|Any CPU.ActiveCfg = RMASQL2016|Any CPU
		{1B4F4394-214C-4EC6-991B-7EC75489CA94}.RMASQL2016|Any CPU.Build.0 = RMASQL2016|Any CPU
		{1B4F4394-214C-4EC6-991B-7EC75489CA94}.RMASQL2016|x64.ActiveCfg = RMASQL2016|x64
		{1B4F4394-214C-4EC6-991B-7EC75489CA94}.RMASQL2016|x64.Build.0 = RMASQL2016|x64
		{1B4F4394-214C-4EC6-991B-7EC75489CA94}.TS-01|Any CPU.ActiveCfg = TS-01|Any CPU
		{1B4F4394-214C-4EC6-991B-7EC75489CA94}.TS-01|Any CPU.Build.0 = TS-01|Any CPU
		{1B4F4394-214C-4EC6-991B-7EC75489CA94}.TS-01|x64.ActiveCfg = TS-01|x64
		{1B4F4394-214C-4EC6-991B-7EC75489CA94}.TS-01|x64.Build.0 = TS-01|x64
		{200DBED6-7C3A-49BC-8486-AF0A9D4C5532}.Debug|Any CPU.ActiveCfg = Debug
		{200DBED6-7C3A-49BC-8486-AF0A9D4C5532}.Debug|Any CPU.Build.0 = Debug
		{200DBED6-7C3A-49BC-8486-AF0A9D4C5532}.Debug|Any CPU.Deploy.0 = Debug
		{200DBED6-7C3A-49BC-8486-AF0A9D4C5532}.Debug|x64.ActiveCfg = Debug
		{200DBED6-7C3A-49BC-8486-AF0A9D4C5532}.Debug|x64.Build.0 = Debug
		{200DBED6-7C3A-49BC-8486-AF0A9D4C5532}.Debug|x64.Deploy.0 = Debug
		{200DBED6-7C3A-49BC-8486-AF0A9D4C5532}.DebugLocal|Any CPU.ActiveCfg = 
		{200DBED6-7C3A-49BC-8486-AF0A9D4C5532}.DebugLocal|Any CPU.Build.0 = 
		{200DBED6-7C3A-49BC-8486-AF0A9D4C5532}.DebugLocal|Any CPU.Deploy.0 = 
		{200DBED6-7C3A-49BC-8486-AF0A9D4C5532}.DebugLocal|x64.ActiveCfg = 
		{200DBED6-7C3A-49BC-8486-AF0A9D4C5532}.DebugLocal|x64.Build.0 = 
		{200DBED6-7C3A-49BC-8486-AF0A9D4C5532}.DebugLocal|x64.Deploy.0 = 
		{200DBED6-7C3A-49BC-8486-AF0A9D4C5532}.Mark Local|Any CPU.ActiveCfg = 
		{200DBED6-7C3A-49BC-8486-AF0A9D4C5532}.Mark Local|Any CPU.Build.0 = 
		{200DBED6-7C3A-49BC-8486-AF0A9D4C5532}.Mark Local|Any CPU.Deploy.0 = 
		{200DBED6-7C3A-49BC-8486-AF0A9D4C5532}.Mark Local|x64.ActiveCfg = 
		{200DBED6-7C3A-49BC-8486-AF0A9D4C5532}.Mark Local|x64.Build.0 = 
		{200DBED6-7C3A-49BC-8486-AF0A9D4C5532}.Mark Local|x64.Deploy.0 = 
		{200DBED6-7C3A-49BC-8486-AF0A9D4C5532}.Mark|Any CPU.ActiveCfg = 
		{200DBED6-7C3A-49BC-8486-AF0A9D4C5532}.Mark|Any CPU.Build.0 = 
		{200DBED6-7C3A-49BC-8486-AF0A9D4C5532}.Mark|Any CPU.Deploy.0 = 
		{200DBED6-7C3A-49BC-8486-AF0A9D4C5532}.Mark|x64.ActiveCfg = 
		{200DBED6-7C3A-49BC-8486-AF0A9D4C5532}.Mark|x64.Build.0 = 
		{200DBED6-7C3A-49BC-8486-AF0A9D4C5532}.Mark|x64.Deploy.0 = 
		{200DBED6-7C3A-49BC-8486-AF0A9D4C5532}.Release|Any CPU.ActiveCfg = Release
		{200DBED6-7C3A-49BC-8486-AF0A9D4C5532}.Release|Any CPU.Build.0 = Release
		{200DBED6-7C3A-49BC-8486-AF0A9D4C5532}.Release|Any CPU.Deploy.0 = Release
		{200DBED6-7C3A-49BC-8486-AF0A9D4C5532}.Release|x64.ActiveCfg = Release
		{200DBED6-7C3A-49BC-8486-AF0A9D4C5532}.Release|x64.Build.0 = Release
		{200DBED6-7C3A-49BC-8486-AF0A9D4C5532}.Release|x64.Deploy.0 = Release
		{200DBED6-7C3A-49BC-8486-AF0A9D4C5532}.RMADROP2|Any CPU.ActiveCfg = RMADROP2
		{200DBED6-7C3A-49BC-8486-AF0A9D4C5532}.RMADROP2|Any CPU.Build.0 = RMADROP2
		{200DBED6-7C3A-49BC-8486-AF0A9D4C5532}.RMADROP2|Any CPU.Deploy.0 = RMADROP2
		{200DBED6-7C3A-49BC-8486-AF0A9D4C5532}.RMADROP2|x64.ActiveCfg = RMADROP2
		{200DBED6-7C3A-49BC-8486-AF0A9D4C5532}.RMADROP2|x64.Build.0 = RMADROP2
		{200DBED6-7C3A-49BC-8486-AF0A9D4C5532}.RMADROP2|x64.Deploy.0 = RMADROP2
		{200DBED6-7C3A-49BC-8486-AF0A9D4C5532}.RMADROP4|Any CPU.ActiveCfg = RMADROP4
		{200DBED6-7C3A-49BC-8486-AF0A9D4C5532}.RMADROP4|Any CPU.Build.0 = RMADROP4
		{200DBED6-7C3A-49BC-8486-AF0A9D4C5532}.RMADROP4|Any CPU.Deploy.0 = RMADROP4
		{200DBED6-7C3A-49BC-8486-AF0A9D4C5532}.RMADROP4|x64.ActiveCfg = RMADROP4
		{200DBED6-7C3A-49BC-8486-AF0A9D4C5532}.RMADROP4|x64.Build.0 = RMADROP4
		{200DBED6-7C3A-49BC-8486-AF0A9D4C5532}.RMADROP4|x64.Deploy.0 = RMADROP4
		{200DBED6-7C3A-49BC-8486-AF0A9D4C5532}.RMAQA2|Any CPU.ActiveCfg = RMAQA2
		{200DBED6-7C3A-49BC-8486-AF0A9D4C5532}.RMAQA2|Any CPU.Build.0 = RMAQA2
		{200DBED6-7C3A-49BC-8486-AF0A9D4C5532}.RMAQA2|Any CPU.Deploy.0 = RMAQA2
		{200DBED6-7C3A-49BC-8486-AF0A9D4C5532}.RMAQA2|x64.ActiveCfg = RMAQA2
		{200DBED6-7C3A-49BC-8486-AF0A9D4C5532}.RMAQA2|x64.Build.0 = RMAQA2
		{200DBED6-7C3A-49BC-8486-AF0A9D4C5532}.RMAQA2|x64.Deploy.0 = RMAQA2
		{200DBED6-7C3A-49BC-8486-AF0A9D4C5532}.RMASCRIPT|Any CPU.ActiveCfg = 
		{200DBED6-7C3A-49BC-8486-AF0A9D4C5532}.RMASCRIPT|Any CPU.Build.0 = 
		{200DBED6-7C3A-49BC-8486-AF0A9D4C5532}.RMASCRIPT|Any CPU.Deploy.0 = 
		{200DBED6-7C3A-49BC-8486-AF0A9D4C5532}.RMASCRIPT|x64.ActiveCfg = 
		{200DBED6-7C3A-49BC-8486-AF0A9D4C5532}.RMASCRIPT|x64.Build.0 = 
		{200DBED6-7C3A-49BC-8486-AF0A9D4C5532}.RMASCRIPT|x64.Deploy.0 = 
		{200DBED6-7C3A-49BC-8486-AF0A9D4C5532}.RMASQL2016|Any CPU.ActiveCfg = RMASQL2016
		{200DBED6-7C3A-49BC-8486-AF0A9D4C5532}.RMASQL2016|Any CPU.Build.0 = RMASQL2016
		{200DBED6-7C3A-49BC-8486-AF0A9D4C5532}.RMASQL2016|Any CPU.Deploy.0 = RMASQL2016
		{200DBED6-7C3A-49BC-8486-AF0A9D4C5532}.RMASQL2016|x64.ActiveCfg = RMASQL2016
		{200DBED6-7C3A-49BC-8486-AF0A9D4C5532}.RMASQL2016|x64.Build.0 = RMASQL2016
		{200DBED6-7C3A-49BC-8486-AF0A9D4C5532}.RMASQL2016|x64.Deploy.0 = RMASQL2016
		{200DBED6-7C3A-49BC-8486-AF0A9D4C5532}.TS-01|Any CPU.ActiveCfg = TS-01
		{200DBED6-7C3A-49BC-8486-AF0A9D4C5532}.TS-01|Any CPU.Build.0 = TS-01
		{200DBED6-7C3A-49BC-8486-AF0A9D4C5532}.TS-01|Any CPU.Deploy.0 = TS-01
		{200DBED6-7C3A-49BC-8486-AF0A9D4C5532}.TS-01|x64.ActiveCfg = TS-01
		{200DBED6-7C3A-49BC-8486-AF0A9D4C5532}.TS-01|x64.Build.0 = TS-01
		{200DBED6-7C3A-49BC-8486-AF0A9D4C5532}.TS-01|x64.Deploy.0 = TS-01
	EndGlobalSection
	GlobalSection(SolutionProperties) = preSolution
		HideSolutionNode = FALSE
	EndGlobalSection
	GlobalSection(TeamFoundationVersionControl) = preSolution
		SccNumberOfProjects = 2
		SccEnterpriseProvider = {4CA58AB2-18FA-4F8D-95D4-32DDF27D184C}
		SccTeamFoundationServer = http://tfs2015.coremig.local:8080/tfs/rma
		SccProjectUniqueName0 = RMA_DATA\\RMA_DATA.csproj
		SccProjectName0 = RMA_DATA
		SccAuxPath0 = http://tfs2015.coremig.local:8080/tfs/rma
		SccLocalPath0 = RMA_DATA
		SccProvider0 = {4CA58AB2-18FA-4F8D-95D4-32DDF27D184C}
		SccProjectUniqueName1 = RMA_RDL\\RMA_RDL.rptproj
		SccProjectName1 = RMA_RDL
		SccAuxPath1 = http://tfs2015.coremig.local:8080/tfs/rma
		SccLocalPath1 = RMA_RDL
		SccProvider1 = {4CA58AB2-18FA-4F8D-95D4-32DDF27D184C}
	EndGlobalSection
EndGlobal
