
Microsoft Visual Studio Solution File, Format Version 12.00
# Visual Studio 14
VisualStudioVersion = 14.0.25420.1
MinimumVisualStudioVersion = 10.0.40219.1
Project("{F184B08F-C81C-45F6-A57F-5ABD9991F28F}") = "Core.ExceptionManagement.Interfaces", "Core.ExceptionManagement.Interfaces.vbproj", "{E25A0BC6-1733-4073-AB23-1E3157633920}"
EndProject
Global
	GlobalSection(SolutionConfigurationPlatforms) = preSolution
		Debug|Any CPU = Debug|Any CPU
		Release|Any CPU = Release|Any CPU
		rma|Any CPU = rma|Any CPU
	EndGlobalSection
	GlobalSection(ProjectConfigurationPlatforms) = postSolution
		{E25A0BC6-1733-4073-AB23-1E3157633920}.Debug|Any CPU.ActiveCfg = Debug|Any CPU
		{E25A0BC6-1733-4073-AB23-1E3157633920}.Debug|Any CPU.Build.0 = Debug|Any CPU
		{E25A0BC6-1733-4073-AB23-1E3157633920}.Release|Any CPU.ActiveCfg = Release|Any CPU
		{E25A0BC6-1733-4073-AB23-1E3157633920}.Release|Any CPU.Build.0 = Release|Any CPU
		{E25A0BC6-1733-4073-AB23-1E3157633920}.rma|Any CPU.ActiveCfg = rma|Any CPU
		{E25A0BC6-1733-4073-AB23-1E3157633920}.rma|Any CPU.Build.0 = rma|Any CPU
	EndGlobalSection
	GlobalSection(SolutionProperties) = preSolution
		HideSolutionNode = FALSE
	EndGlobalSection
	GlobalSection(TeamFoundationVersionControl) = preSolution
		SccNumberOfProjects = 1
		SccEnterpriseProvider = {4CA58AB2-18FA-4F8D-95D4-32DDF27D184C}
		SccTeamFoundationServer = http://tfs2015.coremig.local:8080/tfs/rma
		SccProjectUniqueName0 = Core.ExceptionManagement.Interfaces.vbproj
		SccProjectName0 = .
		SccAuxPath0 = http://tfs2015.coremig.local:8080/tfs/rma
		SccLocalPath0 = .
		SccProvider0 = {4CA58AB2-18FA-4F8D-95D4-32DDF27D184C}
	EndGlobalSection
EndGlobal
