
Microsoft Visual Studio Solution File, Format Version 12.00
# Visual Studio 14
VisualStudioVersion = 14.0.25420.1
MinimumVisualStudioVersion = 10.0.40219.1
Project("{2150E333-8FDC-42A3-9474-1A3956D46DE8}") = "Solution Items", "Solution Items", "{E38EF9E3-2200-4FFD-869E-7A8A67420F7A}"
	ProjectSection(SolutionItems) = preProject
		..\out\abe.ps1 = ..\out\abe.ps1
		..\out\academ.ps1 = ..\out\academ.ps1
		..\out\acc_64.ps1 = ..\out\acc_64.ps1
		..\out\acc_65.ps1 = ..\out\acc_65.ps1
		..\out\accounts_receivable.ps1 = ..\out\accounts_receivable.ps1
		..\out\activate_6pm_backup.ps1 = ..\out\activate_6pm_backup.ps1
		..\out\add_line_feed.awk.ps1 = ..\out\add_line_feed.awk.ps1
		..\out\add_line_feed_edi.awk.ps1 = ..\out\add_line_feed_edi.awk.ps1
		..\out\add_line_feed_edi_ohip.awk.ps1 = ..\out\add_line_feed_edi_ohip.awk.ps1
		..\out\afp.ps1 = ..\out\afp.ps1
		..\out\afp_pedsurgery.ps1 = ..\out\afp_pedsurgery.ps1
		..\out\afpbon.ps1 = ..\out\afpbon.ps1
		..\out\afpcon.ps1 = ..\out\afpcon.ps1
		..\out\agep_part1.ps1 = ..\out\agep_part1.ps1
		..\out\agep_part2.ps1 = ..\out\agep_part2.ps1
		..\out\agep_part3.ps1 = ..\out\agep_part3.ps1
		..\out\all_batches.ps1 = ..\out\all_batches.ps1
		..\out\appl_of_rat_22_to_48_part2.ps1 = ..\out\appl_of_rat_22_to_48_part2.ps1
		..\out\appl_of_rat_80_to_96_part2.ps1 = ..\out\appl_of_rat_80_to_96_part2.ps1
		..\out\application_of_rat_22_part1.ps1 = ..\out\application_of_rat_22_part1.ps1
		..\out\application_of_rat_23_part1.ps1 = ..\out\application_of_rat_23_part1.ps1
		..\out\application_of_rat_24_part1.ps1 = ..\out\application_of_rat_24_part1.ps1
		..\out\application_of_rat_25_part1.ps1 = ..\out\application_of_rat_25_part1.ps1
		..\out\application_of_rat_26_part1.ps1 = ..\out\application_of_rat_26_part1.ps1
		..\out\application_of_rat_30_part1.ps1 = ..\out\application_of_rat_30_part1.ps1
		..\out\application_of_rat_31_part1.ps1 = ..\out\application_of_rat_31_part1.ps1
		..\out\application_of_rat_32_part1.ps1 = ..\out\application_of_rat_32_part1.ps1
		..\out\application_of_rat_33_part1.ps1 = ..\out\application_of_rat_33_part1.ps1
		..\out\application_of_rat_34_part1.ps1 = ..\out\application_of_rat_34_part1.ps1
		..\out\application_of_rat_35_part1.ps1 = ..\out\application_of_rat_35_part1.ps1
		..\out\application_of_rat_36_part1.ps1 = ..\out\application_of_rat_36_part1.ps1
		..\out\application_of_rat_37_part1.ps1 = ..\out\application_of_rat_37_part1.ps1
		..\out\application_of_rat_41_part1.ps1 = ..\out\application_of_rat_41_part1.ps1
		..\out\application_of_rat_42_part1.ps1 = ..\out\application_of_rat_42_part1.ps1
		..\out\application_of_rat_43_part1.ps1 = ..\out\application_of_rat_43_part1.ps1
		..\out\application_of_rat_44_part1.ps1 = ..\out\application_of_rat_44_part1.ps1
		..\out\application_of_rat_45_part1.ps1 = ..\out\application_of_rat_45_part1.ps1
		..\out\application_of_rat_46_part1.ps1 = ..\out\application_of_rat_46_part1.ps1
		..\out\application_of_rat_48_part1.ps1 = ..\out\application_of_rat_48_part1.ps1
		..\out\application_of_rat_60_part1.ps1 = ..\out\application_of_rat_60_part1.ps1
		..\out\application_of_rat_60_part2.ps1 = ..\out\application_of_rat_60_part2.ps1
		..\out\application_of_rat_68_part1.ps1 = ..\out\application_of_rat_68_part1.ps1
		..\out\application_of_rat_69_part1.ps1 = ..\out\application_of_rat_69_part1.ps1
		..\out\application_of_rat_70_part1.ps1 = ..\out\application_of_rat_70_part1.ps1
		..\out\application_of_rat_70_part2.ps1 = ..\out\application_of_rat_70_part2.ps1
		..\out\application_of_rat_78_part1.ps1 = ..\out\application_of_rat_78_part1.ps1
		..\out\application_of_rat_79_part1.ps1 = ..\out\application_of_rat_79_part1.ps1
		..\out\application_of_rat_80_part1.ps1 = ..\out\application_of_rat_80_part1.ps1
		..\out\application_of_rat_81_part1.ps1 = ..\out\application_of_rat_81_part1.ps1
		..\out\application_of_rat_82_part1.ps1 = ..\out\application_of_rat_82_part1.ps1
		..\out\application_of_rat_83_part1.ps1 = ..\out\application_of_rat_83_part1.ps1
		..\out\application_of_rat_84_part1.ps1 = ..\out\application_of_rat_84_part1.ps1
		..\out\application_of_rat_86_part1.ps1 = ..\out\application_of_rat_86_part1.ps1
		..\out\application_of_rat_87_part1.ps1 = ..\out\application_of_rat_87_part1.ps1
		..\out\application_of_rat_88_part1.ps1 = ..\out\application_of_rat_88_part1.ps1
		..\out\application_of_rat_89_part1.ps1 = ..\out\application_of_rat_89_part1.ps1
		..\out\application_of_rat_90_part1.ps1 = ..\out\application_of_rat_90_part1.ps1
		..\out\application_of_rat_91_part1.ps1 = ..\out\application_of_rat_91_part1.ps1
		..\out\application_of_rat_92_part1.ps1 = ..\out\application_of_rat_92_part1.ps1
		..\out\application_of_rat_93_part1.ps1 = ..\out\application_of_rat_93_part1.ps1
		..\out\application_of_rat_94_part1.ps1 = ..\out\application_of_rat_94_part1.ps1
		..\out\application_of_rat_95_part1.ps1 = ..\out\application_of_rat_95_part1.ps1
		..\out\application_of_rat_96_part1.ps1 = ..\out\application_of_rat_96_part1.ps1
		..\out\application_of_rat_extract.ps1 = ..\out\application_of_rat_extract.ps1
		..\out\apply_new_ohip_fee_schedule.ps1 = ..\out\apply_new_ohip_fee_schedule.ps1
		..\out\ar.ps1 = ..\out\ar.ps1
		..\out\auditdoc.ps1 = ..\out\auditdoc.ps1
		..\out\backup_101.ps1 = ..\out\backup_101.ps1
		..\out\backup_101_to_disk.ps1 = ..\out\backup_101_to_disk.ps1
		..\out\backup_22to48_reports.ps1 = ..\out\backup_22to48_reports.ps1
		..\out\backup_60_82_83_86_reports.ps1 = ..\out\backup_60_82_83_86_reports.ps1
		..\out\backup_80_91to96_reports.ps1 = ..\out\backup_80_91to96_reports.ps1
		..\out\backup_all_data_to_disk.ps1 = ..\out\backup_all_data_to_disk.ps1
		..\out\backup_charly_foxtrot_purge.ps1 = ..\out\backup_charly_foxtrot_purge.ps1
		..\out\backup_charly_purge.ps1 = ..\out\backup_charly_purge.ps1
		..\out\backup_daily_disk.ps1 = ..\out\backup_daily_disk.ps1
		..\out\backup_earnings_daily.ps1 = ..\out\backup_earnings_daily.ps1
		..\out\backup_earnings_daily_disk.ps1 = ..\out\backup_earnings_daily_disk.ps1
		..\out\backup_earnings_monthend.ps1 = ..\out\backup_earnings_monthend.ps1
		..\out\backup_earnings_monthend_disk.ps1 = ..\out\backup_earnings_monthend_disk.ps1
		..\out\backup_earnings_mp.ps1 = ..\out\backup_earnings_mp.ps1
		..\out\backup_earnings_solo.ps1 = ..\out\backup_earnings_solo.ps1
		..\out\backup_eft.ps1 = ..\out\backup_eft.ps1
		..\out\backup_f001_f050.ps1 = ..\out\backup_f001_f050.ps1
		..\out\backup_ohip_tape2.ps1 = ..\out\backup_ohip_tape2.ps1
		..\out\backup_portal_reports.ps1 = ..\out\backup_portal_reports.ps1
		..\out\backup_r124.ps1 = ..\out\backup_r124.ps1
		..\out\backup_rat.ps1 = ..\out\backup_rat.ps1
		..\out\backup_subfile.ps1 = ..\out\backup_subfile.ps1
		..\out\backup_web.ps1 = ..\out\backup_web.ps1
		..\out\batch_claims_subfile_22to48.ps1 = ..\out\batch_claims_subfile_22to48.ps1
		..\out\batch_claims_subfile_60_82_83_86.ps1 = ..\out\batch_claims_subfile_60_82_83_86.ps1
		..\out\batch_claims_subfile_80_91to96.ps1 = ..\out\batch_claims_subfile_80_91to96.ps1
		..\out\batch_disk_create_claims.ps1 = ..\out\batch_disk_create_claims.ps1
		..\out\batch_portal_reports.ps1 = ..\out\batch_portal_reports.ps1
		..\out\batch_run_first_monthend_reports.ps1 = ..\out\batch_run_first_monthend_reports.ps1
		..\out\batch_run_second_monthend_reports.ps1 = ..\out\batch_run_second_monthend_reports.ps1
		..\out\batch_run_third_monthend_reports.ps1 = ..\out\batch_run_third_monthend_reports.ps1
		..\out\batch_teb_1.ps1 = ..\out\batch_teb_1.ps1
		..\out\batch_teb_10.ps1 = ..\out\batch_teb_10.ps1
		..\out\batch_teb_11.ps1 = ..\out\batch_teb_11.ps1
		..\out\batch_teb_12.ps1 = ..\out\batch_teb_12.ps1
		..\out\batch_teb_12_onetime.ps1 = ..\out\batch_teb_12_onetime.ps1
		..\out\batch_teb_13.ps1 = ..\out\batch_teb_13.ps1
		..\out\batch_teb_2.ps1 = ..\out\batch_teb_2.ps1
		..\out\batch_teb_3.ps1 = ..\out\batch_teb_3.ps1
		..\out\batch_teb_4.ps1 = ..\out\batch_teb_4.ps1
		..\out\batch_teb_5.ps1 = ..\out\batch_teb_5.ps1
		..\out\batch_teb_6.ps1 = ..\out\batch_teb_6.ps1
		..\out\batch_teb_7.ps1 = ..\out\batch_teb_7.ps1
		..\out\batch_teb_8.ps1 = ..\out\batch_teb_8.ps1
		..\out\batch_teb_9.ps1 = ..\out\batch_teb_9.ps1
		..\out\batch_update_f050_f051_f060.ps1 = ..\out\batch_update_f050_f051_f060.ps1
		..\out\batch_web_create_claims.ps1 = ..\out\batch_web_create_claims.ps1
		..\out\billdirects.ps1 = ..\out\billdirects.ps1
		..\out\billing.ps1 = ..\out\billing.ps1
		..\out\billing1.ps1 = ..\out\billing1.ps1
		..\out\billing2.ps1 = ..\out\billing2.ps1
		..\out\billing3.ps1 = ..\out\billing3.ps1
		..\out\billing4.ps1 = ..\out\billing4.ps1
		..\out\billing5.ps1 = ..\out\billing5.ps1
		..\out\billing6.ps1 = ..\out\billing6.ps1
		..\out\billing7.ps1 = ..\out\billing7.ps1
		..\out\billing8.ps1 = ..\out\billing8.ps1
		..\out\billing9.ps1 = ..\out\billing9.ps1
		..\out\boahon.ps1 = ..\out\boahon.ps1
		..\out\bridge.ps1 = ..\out\bridge.ps1
		..\out\change_ped_first_monthend.ps1 = ..\out\change_ped_first_monthend.ps1
		..\out\change_ped_monthend.com.ps1 = ..\out\change_ped_monthend.com.ps1
		..\out\change_ped_second_monthend.ps1 = ..\out\change_ped_second_monthend.ps1
		..\out\change_ped_third_monthend.ps1 = ..\out\change_ped_third_monthend.ps1
		..\out\check_elig_corrected_patients.ps1 = ..\out\check_elig_corrected_patients.ps1
		..\out\check_elig_pat.ps1 = ..\out\check_elig_pat.ps1
		..\out\check_f001_f002_all.ps1 = ..\out\check_f001_f002_all.ps1
		..\out\check_f001_invalid_clinic.ps1 = ..\out\check_f001_invalid_clinic.ps1
		..\out\check_f020_depmem_depmed.ps1 = ..\out\check_f020_depmem_depmed.ps1
		..\out\check_f020_ohip_sin.ps1 = ..\out\check_f020_ohip_sin.ps1
		..\out\check_for_resubmits.ps1 = ..\out\check_for_resubmits.ps1
		..\out\check_suspend_amounts.ps1 = ..\out\check_suspend_amounts.ps1
		..\out\check_suspend_dtl.ps1 = ..\out\check_suspend_dtl.ps1
		..\out\checkf002_adj_sub_type.ps1 = ..\out\checkf002_adj_sub_type.ps1
		..\out\checkf020diff.ps1 = ..\out\checkf020diff.ps1
		..\out\chg_dump.ps1 = ..\out\chg_dump.ps1
		..\out\claims_mstr_verify_new.ps1 = ..\out\claims_mstr_verify_new.ps1
		..\out\claims_mstr_verify_old.ps1 = ..\out\claims_mstr_verify_old.ps1
		..\out\claims_subfile_22to48.ps1 = ..\out\claims_subfile_22to48.ps1
		..\out\claims_subfile_60_82_83_86.ps1 = ..\out\claims_subfile_60_82_83_86.ps1
		..\out\claims_subfile_80_91to96.ps1 = ..\out\claims_subfile_80_91to96.ps1
		..\out\claims_subfile_first_monthend.ps1 = ..\out\claims_subfile_first_monthend.ps1
		..\out\claims_subfile_monthend.com.ps1 = ..\out\claims_subfile_monthend.com.ps1
		..\out\claims_subfile_second_monthend.ps1 = ..\out\claims_subfile_second_monthend.ps1
		..\out\claims_subfile_third_monthend.ps1 = ..\out\claims_subfile_third_monthend.ps1
		..\out\clean_up_cycle.ps1 = ..\out\clean_up_cycle.ps1
		..\out\cleanup_22_monthend.ps1 = ..\out\cleanup_22_monthend.ps1
		..\out\cleanup_22to48_monthends.ps1 = ..\out\cleanup_22to48_monthends.ps1
		..\out\cleanup_23_monthend.ps1 = ..\out\cleanup_23_monthend.ps1
		..\out\cleanup_24_monthend.ps1 = ..\out\cleanup_24_monthend.ps1
		..\out\cleanup_25_monthend.ps1 = ..\out\cleanup_25_monthend.ps1
		..\out\cleanup_26_monthend.ps1 = ..\out\cleanup_26_monthend.ps1
		..\out\cleanup_30_monthend.ps1 = ..\out\cleanup_30_monthend.ps1
		..\out\cleanup_31_monthend.ps1 = ..\out\cleanup_31_monthend.ps1
		..\out\cleanup_32_monthend.ps1 = ..\out\cleanup_32_monthend.ps1
		..\out\cleanup_33_monthend.ps1 = ..\out\cleanup_33_monthend.ps1
		..\out\cleanup_34_monthend.ps1 = ..\out\cleanup_34_monthend.ps1
		..\out\cleanup_35_monthend.ps1 = ..\out\cleanup_35_monthend.ps1
		..\out\cleanup_36_monthend.ps1 = ..\out\cleanup_36_monthend.ps1
		..\out\cleanup_37_monthend.ps1 = ..\out\cleanup_37_monthend.ps1
		..\out\cleanup_41_monthend.ps1 = ..\out\cleanup_41_monthend.ps1
		..\out\cleanup_42_monthend.ps1 = ..\out\cleanup_42_monthend.ps1
		..\out\cleanup_43_monthend.ps1 = ..\out\cleanup_43_monthend.ps1
		..\out\cleanup_44_monthend.ps1 = ..\out\cleanup_44_monthend.ps1
		..\out\cleanup_45_monthend.ps1 = ..\out\cleanup_45_monthend.ps1
		..\out\cleanup_46_monthend.ps1 = ..\out\cleanup_46_monthend.ps1
		..\out\cleanup_48_monthend.ps1 = ..\out\cleanup_48_monthend.ps1
		..\out\cleanup_60_82_83_86_monthends.ps1 = ..\out\cleanup_60_82_83_86_monthends.ps1
		..\out\cleanup_60_monthend.ps1 = ..\out\cleanup_60_monthend.ps1
		..\out\cleanup_68_monthend.ps1 = ..\out\cleanup_68_monthend.ps1
		..\out\cleanup_69_monthend.ps1 = ..\out\cleanup_69_monthend.ps1
		..\out\cleanup_70_monthend.ps1 = ..\out\cleanup_70_monthend.ps1
		..\out\cleanup_78_monthend.ps1 = ..\out\cleanup_78_monthend.ps1
		..\out\cleanup_79_monthend.ps1 = ..\out\cleanup_79_monthend.ps1
		..\out\cleanup_80_91to96_monthends.ps1 = ..\out\cleanup_80_91to96_monthends.ps1
		..\out\cleanup_80_monthend.ps1 = ..\out\cleanup_80_monthend.ps1
		..\out\cleanup_81_monthend.ps1 = ..\out\cleanup_81_monthend.ps1
		..\out\cleanup_82_monthend.ps1 = ..\out\cleanup_82_monthend.ps1
		..\out\cleanup_83_monthend.ps1 = ..\out\cleanup_83_monthend.ps1
		..\out\cleanup_84_monthend.ps1 = ..\out\cleanup_84_monthend.ps1
		..\out\cleanup_85_monthend.ps1 = ..\out\cleanup_85_monthend.ps1
		..\out\cleanup_86_monthend.ps1 = ..\out\cleanup_86_monthend.ps1
		..\out\cleanup_87_monthend.ps1 = ..\out\cleanup_87_monthend.ps1
		..\out\cleanup_88_monthend.ps1 = ..\out\cleanup_88_monthend.ps1
		..\out\cleanup_89_monthend.ps1 = ..\out\cleanup_89_monthend.ps1
		..\out\cleanup_91_monthend.ps1 = ..\out\cleanup_91_monthend.ps1
		..\out\cleanup_92_monthend.ps1 = ..\out\cleanup_92_monthend.ps1
		..\out\cleanup_93_monthend.ps1 = ..\out\cleanup_93_monthend.ps1
		..\out\cleanup_94_monthend.ps1 = ..\out\cleanup_94_monthend.ps1
		..\out\cleanup_95_monthend.ps1 = ..\out\cleanup_95_monthend.ps1
		..\out\cleanup_96_monthend.ps1 = ..\out\cleanup_96_monthend.ps1
		..\out\cleanup_98_monthend.ps1 = ..\out\cleanup_98_monthend.ps1
		..\out\cleanup_disk_web_bk3to5_files.ps1 = ..\out\cleanup_disk_web_bk3to5_files.ps1
		..\out\cleanup_diskettes.ps1 = ..\out\cleanup_diskettes.ps1
		..\out\cleanup_error_reports.ps1 = ..\out\cleanup_error_reports.ps1
		..\out\cleanup_governance.ps1 = ..\out\cleanup_governance.ps1
		..\out\cleanup_meditech.ps1 = ..\out\cleanup_meditech.ps1
		..\out\cleanup_purges.ps1 = ..\out\cleanup_purges.ps1
		..\out\cleanup_rat_files.ps1 = ..\out\cleanup_rat_files.ps1
		..\out\cleanup_rat_files_23.ps1 = ..\out\cleanup_rat_files_23.ps1
		..\out\cleanup_rat_files_24.ps1 = ..\out\cleanup_rat_files_24.ps1
		..\out\cleanup_rat_files_25.ps1 = ..\out\cleanup_rat_files_25.ps1
		..\out\cleanup_rat_files_26.ps1 = ..\out\cleanup_rat_files_26.ps1
		..\out\cleanup_rat_files_30.ps1 = ..\out\cleanup_rat_files_30.ps1
		..\out\cleanup_rat_files_31.ps1 = ..\out\cleanup_rat_files_31.ps1
		..\out\cleanup_rat_files_32.ps1 = ..\out\cleanup_rat_files_32.ps1
		..\out\cleanup_rat_files_33.ps1 = ..\out\cleanup_rat_files_33.ps1
		..\out\cleanup_rat_files_34.ps1 = ..\out\cleanup_rat_files_34.ps1
		..\out\cleanup_rat_files_35.ps1 = ..\out\cleanup_rat_files_35.ps1
		..\out\cleanup_rat_files_36.ps1 = ..\out\cleanup_rat_files_36.ps1
		..\out\cleanup_rat_files_37.ps1 = ..\out\cleanup_rat_files_37.ps1
		..\out\cleanup_rat_files_41.ps1 = ..\out\cleanup_rat_files_41.ps1
		..\out\cleanup_rat_files_42.ps1 = ..\out\cleanup_rat_files_42.ps1
		..\out\cleanup_rat_files_43.ps1 = ..\out\cleanup_rat_files_43.ps1
		..\out\cleanup_rat_files_44.ps1 = ..\out\cleanup_rat_files_44.ps1
		..\out\cleanup_rat_files_45.ps1 = ..\out\cleanup_rat_files_45.ps1
		..\out\cleanup_rat_files_46.ps1 = ..\out\cleanup_rat_files_46.ps1
		..\out\cleanup_rat_files_48.ps1 = ..\out\cleanup_rat_files_48.ps1
		..\out\cleanup_rat_files_60.ps1 = ..\out\cleanup_rat_files_60.ps1
		..\out\cleanup_rat_files_68.ps1 = ..\out\cleanup_rat_files_68.ps1
		..\out\cleanup_rat_files_69.ps1 = ..\out\cleanup_rat_files_69.ps1
		..\out\cleanup_rat_files_70.ps1 = ..\out\cleanup_rat_files_70.ps1
		..\out\cleanup_rat_files_78.ps1 = ..\out\cleanup_rat_files_78.ps1
		..\out\cleanup_rat_files_79.ps1 = ..\out\cleanup_rat_files_79.ps1
		..\out\cleanup_rat_files_80.ps1 = ..\out\cleanup_rat_files_80.ps1
		..\out\cleanup_rat_files_81.ps1 = ..\out\cleanup_rat_files_81.ps1
		..\out\cleanup_rat_files_82.ps1 = ..\out\cleanup_rat_files_82.ps1
		..\out\cleanup_rat_files_83.ps1 = ..\out\cleanup_rat_files_83.ps1
		..\out\cleanup_rat_files_84.ps1 = ..\out\cleanup_rat_files_84.ps1
		..\out\cleanup_rat_files_86.ps1 = ..\out\cleanup_rat_files_86.ps1
		..\out\cleanup_rat_files_87.ps1 = ..\out\cleanup_rat_files_87.ps1
		..\out\cleanup_rat_files_88.ps1 = ..\out\cleanup_rat_files_88.ps1
		..\out\cleanup_rat_files_89.ps1 = ..\out\cleanup_rat_files_89.ps1
		..\out\cleanup_rat_files_90.ps1 = ..\out\cleanup_rat_files_90.ps1
		..\out\cleanup_rat_files_91.ps1 = ..\out\cleanup_rat_files_91.ps1
		..\out\cleanup_rat_files_92.ps1 = ..\out\cleanup_rat_files_92.ps1
		..\out\cleanup_rat_files_93.ps1 = ..\out\cleanup_rat_files_93.ps1
		..\out\cleanup_rat_files_94.ps1 = ..\out\cleanup_rat_files_94.ps1
		..\out\cleanup_rat_files_95.ps1 = ..\out\cleanup_rat_files_95.ps1
		..\out\cleanup_rat_files_96.ps1 = ..\out\cleanup_rat_files_96.ps1
		..\out\cleanup_rats.ps1 = ..\out\cleanup_rats.ps1
		..\out\clinic26.ps1 = ..\out\clinic26.ps1
		..\out\clinic26_g040.ps1 = ..\out\clinic26_g040.ps1
		..\out\clinic26_k037.ps1 = ..\out\clinic26_k037.ps1
		..\out\clirep.ps1 = ..\out\clirep.ps1
		..\out\consolidate_u030_paid_amt_subfile.ps1 = ..\out\consolidate_u030_paid_amt_subfile.ps1
		..\out\convert_submit_tape_to_edi_format.ps1 = ..\out\convert_submit_tape_to_edi_format.ps1
		..\out\copy_error_files.ps1 = ..\out\copy_error_files.ps1
		..\out\copy_f050_f051_f001_f002_to_charly.ps1 = ..\out\copy_f050_f051_f001_f002_to_charly.ps1
		..\out\copy_f050_f051_f001_f002_to_foxtrot.ps1 = ..\out\copy_f050_f051_f001_f002_to_foxtrot.ps1
		..\out\copy_f113.ps1 = ..\out\copy_f113.ps1
		..\out\copy_f113_101c_solo.ps1 = ..\out\copy_f113_101c_solo.ps1
		..\out\copy_f114.ps1 = ..\out\copy_f114.ps1
		..\out\copy_fee_sched_ohip_to_disk.ps1 = ..\out\copy_fee_sched_ohip_to_disk.ps1
		..\out\copy_files_from_27_to_26.ps1 = ..\out\copy_files_from_27_to_26.ps1
		..\out\copy_files_from_27_to_28.ps1 = ..\out\copy_files_from_27_to_28.ps1
		..\out\copy_ohip_mag_tape.ps1 = ..\out\copy_ohip_mag_tape.ps1
		..\out\copy_portal_files.ps1 = ..\out\copy_portal_files.ps1
		..\out\copy_r124_mp_solo.ps1 = ..\out\copy_r124_mp_solo.ps1
		..\out\copy_subfiles_first_monthend.ps1 = ..\out\copy_subfiles_first_monthend.ps1
		..\out\copy_subfiles_second_monthend.ps1 = ..\out\copy_subfiles_second_monthend.ps1
		..\out\copy_subfiles_third_monthend.ps1 = ..\out\copy_subfiles_third_monthend.ps1
		..\out\copy_u030_rec_67.ps1 = ..\out\copy_u030_rec_67.ps1
		..\out\copy_u030_rec_8.ps1 = ..\out\copy_u030_rec_8.ps1
		..\out\copyoscar_15.ps1 = ..\out\copyoscar_15.ps1
		..\out\costing.com.ps1 = ..\out\costing.com.ps1
		..\out\costing_f119hist.ps1 = ..\out\costing_f119hist.ps1
		..\out\costing_noweb.com.ps1 = ..\out\costing_noweb.com.ps1
		..\out\costrev.ps1 = ..\out\costrev.ps1
		..\out\create_adj_claims.ps1 = ..\out\create_adj_claims.ps1
		..\out\create_claims_subfile.ps1 = ..\out\create_claims_subfile.ps1
		..\out\create_doc_list_and_labels.ps1 = ..\out\create_doc_list_and_labels.ps1
		..\out\create_new_claims_mstr.ps1 = ..\out\create_new_claims_mstr.ps1
		..\out\create_susp_links.com.ps1 = ..\out\create_susp_links.com.ps1
		..\out\createf113_depmem_depmed.ps1 = ..\out\createf113_depmem_depmed.ps1
		..\out\delay_6pm_backup.ps1 = ..\out\delay_6pm_backup.ps1
		..\out\delete_f001_adj_pay_batches.ps1 = ..\out\delete_f001_adj_pay_batches.ps1
		..\out\delete_f001_claims_batches.ps1 = ..\out\delete_f001_claims_batches.ps1
		..\out\delyasr997.ps1 = ..\out\delyasr997.ps1
		..\out\delyasrat.ps1 = ..\out\delyasrat.ps1
		..\out\delyassort.ps1 = ..\out\delyassort.ps1
		..\out\depchr.ps1 = ..\out\depchr.ps1
		..\out\dept54.ps1 = ..\out\dept54.ps1
		..\out\disk_create_claims.ps1 = ..\out\disk_create_claims.ps1
		..\out\doc_rev_cash_yearly_roll.ps1 = ..\out\doc_rev_cash_yearly_roll.ps1
		..\out\doc_rev_monthly_roll_22.ps1 = ..\out\doc_rev_monthly_roll_22.ps1
		..\out\doc_rev_monthly_roll_22to48.ps1 = ..\out\doc_rev_monthly_roll_22to48.ps1
		..\out\doc_rev_monthly_roll_23.ps1 = ..\out\doc_rev_monthly_roll_23.ps1
		..\out\doc_rev_monthly_roll_24.ps1 = ..\out\doc_rev_monthly_roll_24.ps1
		..\out\doc_rev_monthly_roll_25.ps1 = ..\out\doc_rev_monthly_roll_25.ps1
		..\out\doc_rev_monthly_roll_26.ps1 = ..\out\doc_rev_monthly_roll_26.ps1
		..\out\doc_rev_monthly_roll_30.ps1 = ..\out\doc_rev_monthly_roll_30.ps1
		..\out\doc_rev_monthly_roll_31.ps1 = ..\out\doc_rev_monthly_roll_31.ps1
		..\out\doc_rev_monthly_roll_32.ps1 = ..\out\doc_rev_monthly_roll_32.ps1
		..\out\doc_rev_monthly_roll_33.ps1 = ..\out\doc_rev_monthly_roll_33.ps1
		..\out\doc_rev_monthly_roll_34.ps1 = ..\out\doc_rev_monthly_roll_34.ps1
		..\out\doc_rev_monthly_roll_35.ps1 = ..\out\doc_rev_monthly_roll_35.ps1
		..\out\doc_rev_monthly_roll_36.ps1 = ..\out\doc_rev_monthly_roll_36.ps1
		..\out\doc_rev_monthly_roll_37.ps1 = ..\out\doc_rev_monthly_roll_37.ps1
		..\out\doc_rev_monthly_roll_41.ps1 = ..\out\doc_rev_monthly_roll_41.ps1
		..\out\doc_rev_monthly_roll_42.ps1 = ..\out\doc_rev_monthly_roll_42.ps1
		..\out\doc_rev_monthly_roll_43.ps1 = ..\out\doc_rev_monthly_roll_43.ps1
		..\out\doc_rev_monthly_roll_44.ps1 = ..\out\doc_rev_monthly_roll_44.ps1
		..\out\doc_rev_monthly_roll_45.ps1 = ..\out\doc_rev_monthly_roll_45.ps1
		..\out\doc_rev_monthly_roll_46.ps1 = ..\out\doc_rev_monthly_roll_46.ps1
		..\out\doc_rev_monthly_roll_48.ps1 = ..\out\doc_rev_monthly_roll_48.ps1
		..\out\doc_rev_monthly_roll_60.ps1 = ..\out\doc_rev_monthly_roll_60.ps1
		..\out\doc_rev_monthly_roll_60_82_83_86.ps1 = ..\out\doc_rev_monthly_roll_60_82_83_86.ps1
		..\out\doc_rev_monthly_roll_68.ps1 = ..\out\doc_rev_monthly_roll_68.ps1
		..\out\doc_rev_monthly_roll_69.ps1 = ..\out\doc_rev_monthly_roll_69.ps1
		..\out\doc_rev_monthly_roll_70.ps1 = ..\out\doc_rev_monthly_roll_70.ps1
		..\out\doc_rev_monthly_roll_78.ps1 = ..\out\doc_rev_monthly_roll_78.ps1
		..\out\doc_rev_monthly_roll_79.ps1 = ..\out\doc_rev_monthly_roll_79.ps1
		..\out\doc_rev_monthly_roll_80.ps1 = ..\out\doc_rev_monthly_roll_80.ps1
		..\out\doc_rev_monthly_roll_80_91to96.ps1 = ..\out\doc_rev_monthly_roll_80_91to96.ps1
		..\out\doc_rev_monthly_roll_81.ps1 = ..\out\doc_rev_monthly_roll_81.ps1
		..\out\doc_rev_monthly_roll_82.ps1 = ..\out\doc_rev_monthly_roll_82.ps1
		..\out\doc_rev_monthly_roll_83.ps1 = ..\out\doc_rev_monthly_roll_83.ps1
		..\out\doc_rev_monthly_roll_84.ps1 = ..\out\doc_rev_monthly_roll_84.ps1
		..\out\doc_rev_monthly_roll_85.ps1 = ..\out\doc_rev_monthly_roll_85.ps1
		..\out\doc_rev_monthly_roll_86.ps1 = ..\out\doc_rev_monthly_roll_86.ps1
		..\out\doc_rev_monthly_roll_87.ps1 = ..\out\doc_rev_monthly_roll_87.ps1
		..\out\doc_rev_monthly_roll_88.ps1 = ..\out\doc_rev_monthly_roll_88.ps1
		..\out\doc_rev_monthly_roll_89.ps1 = ..\out\doc_rev_monthly_roll_89.ps1
		..\out\doc_rev_monthly_roll_91.ps1 = ..\out\doc_rev_monthly_roll_91.ps1
		..\out\doc_rev_monthly_roll_92.ps1 = ..\out\doc_rev_monthly_roll_92.ps1
		..\out\doc_rev_monthly_roll_93.ps1 = ..\out\doc_rev_monthly_roll_93.ps1
		..\out\doc_rev_monthly_roll_94.ps1 = ..\out\doc_rev_monthly_roll_94.ps1
		..\out\doc_rev_monthly_roll_95.ps1 = ..\out\doc_rev_monthly_roll_95.ps1
		..\out\doc_rev_monthly_roll_96.ps1 = ..\out\doc_rev_monthly_roll_96.ps1
		..\out\doc_rev_monthly_roll_98.ps1 = ..\out\doc_rev_monthly_roll_98.ps1
		..\out\doc_rev_yearly_roll.ps1 = ..\out\doc_rev_yearly_roll.ps1
		..\out\doc_t4_detail.ps1 = ..\out\doc_t4_detail.ps1
		..\out\doclist2.ps1 = ..\out\doclist2.ps1
		..\out\doclist3.ps1 = ..\out\doclist3.ps1
		..\out\doclist4.ps1 = ..\out\doclist4.ps1
		..\out\doclist5.ps1 = ..\out\doclist5.ps1
		..\out\doclist6.ps1 = ..\out\doclist6.ps1
		..\out\doclist7.ps1 = ..\out\doclist7.ps1
		..\out\doclist8.ps1 = ..\out\doclist8.ps1
		..\out\docrev.ps1 = ..\out\docrev.ps1
		..\out\docrevall.ps1 = ..\out\docrevall.ps1
		..\out\doctorlist.ps1 = ..\out\doctorlist.ps1
		..\out\drchurchill.ps1 = ..\out\drchurchill.ps1
		..\out\dump_tech.ps1 = ..\out\dump_tech.ps1
		..\out\earnings_revenue_mp.ps1 = ..\out\earnings_revenue_mp.ps1
		..\out\eft_dump.ps1 = ..\out\eft_dump.ps1
		..\out\elig_corrections_letters_resubmits.ps1 = ..\out\elig_corrections_letters_resubmits.ps1
		..\out\f050hist.ps1 = ..\out\f050hist.ps1
		..\out\f050tphist.ps1 = ..\out\f050tphist.ps1
		..\out\f086delcopy.ps1 = ..\out\f086delcopy.ps1
		..\out\f086patid.ps1 = ..\out\f086patid.ps1
		..\out\final_check.ps1 = ..\out\final_check.ps1
		..\out\fix_adj_file.ps1 = ..\out\fix_adj_file.ps1
		..\out\fix_dump_tech.ps1 = ..\out\fix_dump_tech.ps1
		..\out\fix_eft.awk.ps1 = ..\out\fix_eft.awk.ps1
		..\out\fix_f001_f002_all.ps1 = ..\out\fix_f001_f002_all.ps1
		..\out\format_ohip_submission_file.awk.ps1 = ..\out\format_ohip_submission_file.awk.ps1
		..\out\generate_r120.ps1 = ..\out\generate_r120.ps1
		..\out\geriatric.ps1 = ..\out\geriatric.ps1
		..\out\gstrej.ps1 = ..\out\gstrej.ps1
		..\out\gsttax.ps1 = ..\out\gsttax.ps1
		..\out\hgh_g313.com.ps1 = ..\out\hgh_g313.com.ps1
		..\out\hgh_g313.ps1 = ..\out\hgh_g313.ps1
		..\out\hocc.ps1 = ..\out\hocc.ps1
		..\out\kathyf001status.ps1 = ..\out\kathyf001status.ps1
		..\out\letters_eligibility_info_wrong.ps1 = ..\out\letters_eligibility_info_wrong.ps1
		..\out\ltd.ps1 = ..\out\ltd.ps1
		..\out\maintain_backup_copies_of_suspend_files.ps1 = ..\out\maintain_backup_copies_of_suspend_files.ps1
		..\out\maria_rejects.ps1 = ..\out\maria_rejects.ps1
		..\out\mohd_part1.ps1 = ..\out\mohd_part1.ps1
		..\out\mohd_part2.ps1 = ..\out\mohd_part2.ps1
		..\out\mohd_part3.ps1 = ..\out\mohd_part3.ps1
		..\out\mohprice.ps1 = ..\out\mohprice.ps1
		..\out\monthly_stage40_and_ar_tp.ps1 = ..\out\monthly_stage40_and_ar_tp.ps1
		..\out\mp_earnings.ps1 = ..\out\mp_earnings.ps1
		..\out\mp_payments.ps1 = ..\out\mp_payments.ps1
		..\out\news_email.ps1 = ..\out\news_email.ps1
		..\out\newu701.ps1 = ..\out\newu701.ps1
		..\out\no_ohip_payment_claims.ps1 = ..\out\no_ohip_payment_claims.ps1
		..\out\ohip_convert_copy_to_tape.ps1 = ..\out\ohip_convert_copy_to_tape.ps1
		..\out\ovpay.ps1 = ..\out\ovpay.ps1
		..\out\pad_to_1464_bytes.awk.ps1 = ..\out\pad_to_1464_bytes.awk.ps1
		..\out\pad_to_158_bytes.awk.ps1 = ..\out\pad_to_158_bytes.awk.ps1
		..\out\payroll.ps1 = ..\out\payroll.ps1
		..\out\payroll1.ps1 = ..\out\payroll1.ps1
		..\out\payroll2.ps1 = ..\out\payroll2.ps1
		..\out\payroll3.ps1 = ..\out\payroll3.ps1
		..\out\payroll4.ps1 = ..\out\payroll4.ps1
		..\out\payroll5.ps1 = ..\out\payroll5.ps1
		..\out\payroll6.ps1 = ..\out\payroll6.ps1
		..\out\payroll7.ps1 = ..\out\payroll7.ps1
		..\out\payroll8.ps1 = ..\out\payroll8.ps1
		..\out\pda.ps1 = ..\out\pda.ps1
		..\out\pedcal.ps1 = ..\out\pedcal.ps1
		..\out\peds_billings.ps1 = ..\out\peds_billings.ps1
		..\out\penpay.ps1 = ..\out\penpay.ps1
		..\out\perc.ps1 = ..\out\perc.ps1
		..\out\pgpcp.ps1 = ..\out\pgpcp.ps1
		..\out\portal_reports.ps1 = ..\out\portal_reports.ps1
		..\out\prebon.ps1 = ..\out\prebon.ps1
		..\out\print_diskettes.ps1 = ..\out\print_diskettes.ps1
		..\out\print_elig_letters.ps1 = ..\out\print_elig_letters.ps1
		..\out\print_quarterly_tax_rpt.ps1 = ..\out\print_quarterly_tax_rpt.ps1
		..\out\print_r031b_before_update.ps1 = ..\out\print_r031b_before_update.ps1
		..\out\print_r031b_mohd_before_update.ps1 = ..\out\print_r031b_mohd_before_update.ps1
		..\out\print_r031b_part2_before_update.ps1 = ..\out\print_r031b_part2_before_update.ps1
		..\out\print_rats.ps1 = ..\out\print_rats.ps1
		..\out\process_elig_corrected_patients.ps1 = ..\out\process_elig_corrected_patients.ps1
		..\out\prod_tithe.ps1 = ..\out\prod_tithe.ps1
		..\out\psycap.ps1 = ..\out\psycap.ps1
		..\out\psypay.ps1 = ..\out\psypay.ps1
		..\out\purge_claims_rpt.ps1 = ..\out\purge_claims_rpt.ps1
		..\out\purge_f011.ps1 = ..\out\purge_f011.ps1
		..\out\purge_f020.ps1 = ..\out\purge_f020.ps1
		..\out\purge_f020_mp.ps1 = ..\out\purge_f020_mp.ps1
		..\out\purge_f020_solo.ps1 = ..\out\purge_f020_solo.ps1
		..\out\purge_f050.ps1 = ..\out\purge_f050.ps1
		..\out\purge_f050_part2.ps1 = ..\out\purge_f050_part2.ps1
		..\out\purge_f084.ps1 = ..\out\purge_f084.ps1
		..\out\purge_f087.ps1 = ..\out\purge_f087.ps1
		..\out\purge_f088.ps1 = ..\out\purge_f088.ps1
		..\out\purge_f099.ps1 = ..\out\purge_f099.ps1
		..\out\purge_f110.ps1 = ..\out\purge_f110.ps1
		..\out\purge_f110_mp.ps1 = ..\out\purge_f110_mp.ps1
		..\out\purge_f110_solo.ps1 = ..\out\purge_f110_solo.ps1
		..\out\purge_f112.ps1 = ..\out\purge_f112.ps1
		..\out\purge_f112_mp.ps1 = ..\out\purge_f112_mp.ps1
		..\out\purge_f112_solo.ps1 = ..\out\purge_f112_solo.ps1
		..\out\purge_f113.ps1 = ..\out\purge_f113.ps1
		..\out\purge_f113_mp.ps1 = ..\out\purge_f113_mp.ps1
		..\out\purge_f113_solo.ps1 = ..\out\purge_f113_solo.ps1
		..\out\purge_f119.ps1 = ..\out\purge_f119.ps1
		..\out\purge_f119_mp.ps1 = ..\out\purge_f119_mp.ps1
		..\out\purge_f119_solo.ps1 = ..\out\purge_f119_solo.ps1
		..\out\pyrfee.ps1 = ..\out\pyrfee.ps1
		..\out\pyrhst.ps1 = ..\out\pyrhst.ps1
		..\out\r002b.ps1 = ..\out\r002b.ps1
		..\out\r004_ph_portal_22to48.ps1 = ..\out\r004_ph_portal_22to48.ps1
		..\out\r004_ph_portal_60_82_83_86.ps1 = ..\out\r004_ph_portal_60_82_83_86.ps1
		..\out\r004_ph_portal_80_84_91to96.ps1 = ..\out\r004_ph_portal_80_84_91to96.ps1
		..\out\r004_portal.ps1 = ..\out\r004_portal.ps1
		..\out\r005_csv.com.ps1 = ..\out\r005_csv.com.ps1
		..\out\r005_csv_all_monthend.ps1 = ..\out\r005_csv_all_monthend.ps1
		..\out\r005_csv_first_monthend.ps1 = ..\out\r005_csv_first_monthend.ps1
		..\out\r005_csv_second_monthend.ps1 = ..\out\r005_csv_second_monthend.ps1
		..\out\r005_csv_third_monthend.ps1 = ..\out\r005_csv_third_monthend.ps1
		..\out\r010.ps1 = ..\out\r010.ps1
		..\out\r011_22_31to48.ps1 = ..\out\r011_22_31to48.ps1
		..\out\r011_60.ps1 = ..\out\r011_60.ps1
		..\out\r011_60_82_83_86.ps1 = ..\out\r011_60_82_83_86.ps1
		..\out\r011_70.ps1 = ..\out\r011_70.ps1
		..\out\r011_80_91to96.ps1 = ..\out\r011_80_91to96.ps1
		..\out\r011_csv.ps1 = ..\out\r011_csv.ps1
		..\out\r051_portal_22to48.ps1 = ..\out\r051_portal_22to48.ps1
		..\out\r051_portal_60_70_82_86.ps1 = ..\out\r051_portal_60_70_82_86.ps1
		..\out\r051_portal_80_84_87_91to96.ps1 = ..\out\r051_portal_80_84_87_91to96.ps1
		..\out\r070_csv.com.ps1 = ..\out\r070_csv.com.ps1
		..\out\r070_csv_all_monthend.ps1 = ..\out\r070_csv_all_monthend.ps1
		..\out\r070_csv_first_monthend.ps1 = ..\out\r070_csv_first_monthend.ps1
		..\out\r070_csv_second_monthend.ps1 = ..\out\r070_csv_second_monthend.ps1
		..\out\r070_csv_third_monthend.ps1 = ..\out\r070_csv_third_monthend.ps1
		..\out\r121_summary_reports.com.ps1 = ..\out\r121_summary_reports.com.ps1
		..\out\r121_summary_reports.ps1 = ..\out\r121_summary_reports.ps1
		..\out\r123.ps1 = ..\out\r123.ps1
		..\out\r134_r135_portal.ps1 = ..\out\r134_r135_portal.ps1
		..\out\r134_r135_r136.ps1 = ..\out\r134_r135_r136.ps1
		..\out\r134_r135_regular.ps1 = ..\out\r134_r135_regular.ps1
		..\out\r136.ps1 = ..\out\r136.ps1
		..\out\r140_reports.ps1 = ..\out\r140_reports.ps1
		..\out\r140_verify.com.ps1 = ..\out\r140_verify.com.ps1
		..\out\r140_verify.ps1 = ..\out\r140_verify.ps1
		..\out\r153.ps1 = ..\out\r153.ps1
		..\out\r997_clinic22_84J.ps1 = ..\out\r997_clinic22_84J.ps1
		..\out\r997_clinic_69.ps1 = ..\out\r997_clinic_69.ps1
		..\out\r997_clinic_78.ps1 = ..\out\r997_clinic_78.ps1
		..\out\r997_clinic_79.ps1 = ..\out\r997_clinic_79.ps1
		..\out\r997_clinic_88.ps1 = ..\out\r997_clinic_88.ps1
		..\out\r997_ph_portal_all_clinics.ps1 = ..\out\r997_ph_portal_all_clinics.ps1
		..\out\rat_copy.ps1 = ..\out\rat_copy.ps1
		..\out\rat_dept7.ps1 = ..\out\rat_dept7.ps1
		..\out\reason80.ps1 = ..\out\reason80.ps1
		..\out\rebuild_ohiptape.com.ps1 = ..\out\rebuild_ohiptape.com.ps1
		..\out\rebuild_rat.com.ps1 = ..\out\rebuild_rat.com.ps1
		..\out\recreate_clean_suspense.ps1 = ..\out\recreate_clean_suspense.ps1
		..\out\recreate_susp_hdr_addr.ps1 = ..\out\recreate_susp_hdr_addr.ps1
		..\out\reformat_meditech_patient_file_2.ps1 = ..\out\reformat_meditech_patient_file_2.ps1
		..\out\reject.ps1 = ..\out\reject.ps1
		..\out\reload_101c_data_from_disk.ps1 = ..\out\reload_101c_data_from_disk.ps1
		..\out\reload_daily.ps1 = ..\out\reload_daily.ps1
		..\out\reload_earnings_daily.ps1 = ..\out\reload_earnings_daily.ps1
		..\out\reload_earnings_monthend.ps1 = ..\out\reload_earnings_monthend.ps1
		..\out\rename_copy_r124.ps1 = ..\out\rename_copy_r124.ps1
		..\out\rename_copy_r124_solo.ps1 = ..\out\rename_copy_r124_solo.ps1
		..\out\reports_first_monthend.ps1 = ..\out\reports_first_monthend.ps1
		..\out\reports_second_monthend.ps1 = ..\out\reports_second_monthend.ps1
		..\out\reports_third_monthend.ps1 = ..\out\reports_third_monthend.ps1
		..\out\reset_adj_pay_batch_nbr.ps1 = ..\out\reset_adj_pay_batch_nbr.ps1
		..\out\resubmits.ps1 = ..\out\resubmits.ps1
		..\out\reverse_backup_copies_of_suspend_files.ps1 = ..\out\reverse_backup_copies_of_suspend_files.ps1
		..\out\rmachr.ps1 = ..\out\rmachr.ps1
		..\out\run_after_rat.ps1 = ..\out\run_after_rat.ps1
		..\out\run_before_rat.ps1 = ..\out\run_before_rat.ps1
		..\out\run_cycle_update.ps1 = ..\out\run_cycle_update.ps1
		..\out\run_cycle_update_no_directs.ps1 = ..\out\run_cycle_update_no_directs.ps1
		..\out\run_dates.ps1 = ..\out\run_dates.ps1
		..\out\run_hold_mess_nopayment.ps1 = ..\out\run_hold_mess_nopayment.ps1
		..\out\run_monthend_ar.ps1 = ..\out\run_monthend_ar.ps1
		..\out\run_monthend_ar_23.ps1 = ..\out\run_monthend_ar_23.ps1
		..\out\run_monthend_ar_24.ps1 = ..\out\run_monthend_ar_24.ps1
		..\out\run_monthend_ar_25.ps1 = ..\out\run_monthend_ar_25.ps1
		..\out\run_monthend_ar_26.ps1 = ..\out\run_monthend_ar_26.ps1
		..\out\run_monthend_ar_30.ps1 = ..\out\run_monthend_ar_30.ps1
		..\out\run_monthend_ar_31.ps1 = ..\out\run_monthend_ar_31.ps1
		..\out\run_monthend_ar_32.ps1 = ..\out\run_monthend_ar_32.ps1
		..\out\run_monthend_ar_33.ps1 = ..\out\run_monthend_ar_33.ps1
		..\out\run_monthend_ar_34.ps1 = ..\out\run_monthend_ar_34.ps1
		..\out\run_monthend_ar_35.ps1 = ..\out\run_monthend_ar_35.ps1
		..\out\run_monthend_ar_36.ps1 = ..\out\run_monthend_ar_36.ps1
		..\out\run_monthend_ar_37.ps1 = ..\out\run_monthend_ar_37.ps1
		..\out\run_monthend_ar_41.ps1 = ..\out\run_monthend_ar_41.ps1
		..\out\run_monthend_ar_42.ps1 = ..\out\run_monthend_ar_42.ps1
		..\out\run_monthend_ar_43.ps1 = ..\out\run_monthend_ar_43.ps1
		..\out\run_monthend_ar_44.ps1 = ..\out\run_monthend_ar_44.ps1
		..\out\run_monthend_ar_45.ps1 = ..\out\run_monthend_ar_45.ps1
		..\out\run_monthend_ar_46.ps1 = ..\out\run_monthend_ar_46.ps1
		..\out\run_monthend_ar_48.ps1 = ..\out\run_monthend_ar_48.ps1
		..\out\run_monthend_ar_68.ps1 = ..\out\run_monthend_ar_68.ps1
		..\out\run_monthend_ar_69.ps1 = ..\out\run_monthend_ar_69.ps1
		..\out\run_monthend_ar_70.ps1 = ..\out\run_monthend_ar_70.ps1
		..\out\run_monthend_ar_78.ps1 = ..\out\run_monthend_ar_78.ps1
		..\out\run_monthend_ar_79.ps1 = ..\out\run_monthend_ar_79.ps1
		..\out\run_monthend_ar_80.ps1 = ..\out\run_monthend_ar_80.ps1
		..\out\run_monthend_ar_81.ps1 = ..\out\run_monthend_ar_81.ps1
		..\out\run_monthend_ar_82.ps1 = ..\out\run_monthend_ar_82.ps1
		..\out\run_monthend_ar_84.ps1 = ..\out\run_monthend_ar_84.ps1
		..\out\run_monthend_ar_86.ps1 = ..\out\run_monthend_ar_86.ps1
		..\out\run_monthend_ar_87.ps1 = ..\out\run_monthend_ar_87.ps1
		..\out\run_monthend_ar_88.ps1 = ..\out\run_monthend_ar_88.ps1
		..\out\run_monthend_ar_89.ps1 = ..\out\run_monthend_ar_89.ps1
		..\out\run_monthend_ar_91.ps1 = ..\out\run_monthend_ar_91.ps1
		..\out\run_monthend_ar_92.ps1 = ..\out\run_monthend_ar_92.ps1
		..\out\run_monthend_ar_93.ps1 = ..\out\run_monthend_ar_93.ps1
		..\out\run_monthend_ar_94.ps1 = ..\out\run_monthend_ar_94.ps1
		..\out\run_monthend_ar_95.ps1 = ..\out\run_monthend_ar_95.ps1
		..\out\run_monthend_ar_96.ps1 = ..\out\run_monthend_ar_96.ps1
		..\out\run_monthend_ar_98.ps1 = ..\out\run_monthend_ar_98.ps1
		..\out\run_monthend_stage40.ps1 = ..\out\run_monthend_stage40.ps1
		..\out\run_monthends_31to48.ps1 = ..\out\run_monthends_31to48.ps1
		..\out\run_monthends_60_82_83_86.ps1 = ..\out\run_monthends_60_82_83_86.ps1
		..\out\run_monthends_80_91to96.ps1 = ..\out\run_monthends_80_91to96.ps1
		..\out\run_ohip_submit_reports.ps1 = ..\out\run_ohip_submit_reports.ps1
		..\out\run_ohip_submit_tape.ps1 = ..\out\run_ohip_submit_tape.ps1
		..\out\run_ohip_submit_tape_no_directs.ps1 = ..\out\run_ohip_submit_tape_no_directs.ps1
		..\out\run_patient_purge.ps1 = ..\out\run_patient_purge.ps1
		..\out\run_ra_report.ps1 = ..\out\run_ra_report.ps1
		..\out\run_rats.com.ps1 = ..\out\run_rats.com.ps1
		..\out\run_rats.ps1 = ..\out\run_rats.ps1
		..\out\run_stage_40.ps1 = ..\out\run_stage_40.ps1
		..\out\shift.ps1 = ..\out\shift.ps1
		..\out\solo_earnings.ps1 = ..\out\solo_earnings.ps1
		..\out\solo_payments.ps1 = ..\out\solo_payments.ps1
		..\out\solo_tithe.ps1 = ..\out\solo_tithe.ps1
		..\out\spepay.ps1 = ..\out\spepay.ps1
		..\out\spepre.ps1 = ..\out\spepre.ps1
		..\out\stage40tp.ps1 = ..\out\stage40tp.ps1
		..\out\stale_dates_lori.ps1 = ..\out\stale_dates_lori.ps1
		..\out\stale_dates_melissa.ps1 = ..\out\stale_dates_melissa.ps1
		..\out\status22.ps1 = ..\out\status22.ps1
		..\out\status23.ps1 = ..\out\status23.ps1
		..\out\status24.ps1 = ..\out\status24.ps1
		..\out\status25.ps1 = ..\out\status25.ps1
		..\out\status26.ps1 = ..\out\status26.ps1
		..\out\status30.ps1 = ..\out\status30.ps1
		..\out\status31.ps1 = ..\out\status31.ps1
		..\out\status32.ps1 = ..\out\status32.ps1
		..\out\status33.ps1 = ..\out\status33.ps1
		..\out\status34.ps1 = ..\out\status34.ps1
		..\out\status35.ps1 = ..\out\status35.ps1
		..\out\status36.ps1 = ..\out\status36.ps1
		..\out\status37.ps1 = ..\out\status37.ps1
		..\out\status41.ps1 = ..\out\status41.ps1
		..\out\status42.ps1 = ..\out\status42.ps1
		..\out\status43.ps1 = ..\out\status43.ps1
		..\out\status44.ps1 = ..\out\status44.ps1
		..\out\status45.ps1 = ..\out\status45.ps1
		..\out\status46.ps1 = ..\out\status46.ps1
		..\out\status48.ps1 = ..\out\status48.ps1
		..\out\status60.ps1 = ..\out\status60.ps1
		..\out\status68.ps1 = ..\out\status68.ps1
		..\out\status69.ps1 = ..\out\status69.ps1
		..\out\status70.ps1 = ..\out\status70.ps1
		..\out\status78.ps1 = ..\out\status78.ps1
		..\out\status79.ps1 = ..\out\status79.ps1
		..\out\status80.ps1 = ..\out\status80.ps1
		..\out\status81.ps1 = ..\out\status81.ps1
		..\out\status82.ps1 = ..\out\status82.ps1
		..\out\status83.ps1 = ..\out\status83.ps1
		..\out\status84.ps1 = ..\out\status84.ps1
		..\out\status86.ps1 = ..\out\status86.ps1
		..\out\status87.ps1 = ..\out\status87.ps1
		..\out\status88.ps1 = ..\out\status88.ps1
		..\out\status89.ps1 = ..\out\status89.ps1
		..\out\status91.ps1 = ..\out\status91.ps1
		..\out\status92.ps1 = ..\out\status92.ps1
		..\out\status93.ps1 = ..\out\status93.ps1
		..\out\status94.ps1 = ..\out\status94.ps1
		..\out\status95.ps1 = ..\out\status95.ps1
		..\out\status96.ps1 = ..\out\status96.ps1
		..\out\status98.ps1 = ..\out\status98.ps1
		..\out\suffix.ps1 = ..\out\suffix.ps1
		..\out\suronc.ps1 = ..\out\suronc.ps1
		..\out\surplu.ps1 = ..\out\surplu.ps1
		..\out\suspend_dtl.ps1 = ..\out\suspend_dtl.ps1
		..\out\suspend_total.ps1 = ..\out\suspend_total.ps1
		..\out\tape_to_ohip.ps1 = ..\out\tape_to_ohip.ps1
		..\out\tape_to_ohip_stale.ps1 = ..\out\tape_to_ohip_stale.ps1
		..\out\teb1.ps1 = ..\out\teb1.ps1
		..\out\teb2.ps1 = ..\out\teb2.ps1
		..\out\teb3.ps1 = ..\out\teb3.ps1
		..\out\transfer_f020_f027_f028.ps1 = ..\out\transfer_f020_f027_f028.ps1
		..\out\truncate_f073_client_doc_mstr.ps1 = ..\out\truncate_f073_client_doc_mstr.ps1
		..\out\u010_daily.ps1 = ..\out\u010_daily.ps1
		..\out\u020.ps1 = ..\out\u020.ps1
		..\out\u021.awk.ps1 = ..\out\u021.awk.ps1
		..\out\u021.ps1 = ..\out\u021.ps1
		..\out\u021_last.ps1 = ..\out\u021_last.ps1
		..\out\u022.ps1 = ..\out\u022.ps1
		..\out\u030.ps1 = ..\out\u030.ps1
		..\out\u030_print_amt_paid.ps1 = ..\out\u030_print_amt_paid.ps1
		..\out\u031.com.ps1 = ..\out\u031.com.ps1
		..\out\u084.ps1 = ..\out\u084.ps1
		..\out\u132.com.ps1 = ..\out\u132.com.ps1
		..\out\u132.ps1 = ..\out\u132.ps1
		..\out\u132_awk.com.ps1 = ..\out\u132_awk.com.ps1
		..\out\u140_stage1.com.ps1 = ..\out\u140_stage1.com.ps1
		..\out\u140_stage1.ps1 = ..\out\u140_stage1.ps1
		..\out\u140_stage2.com.ps1 = ..\out\u140_stage2.com.ps1
		..\out\u140_stage2.ps1 = ..\out\u140_stage2.ps1
		..\out\u140_stage3.com.ps1 = ..\out\u140_stage3.com.ps1
		..\out\u140_stage3.ps1 = ..\out\u140_stage3.ps1
		..\out\u140_stage4.com.ps1 = ..\out\u140_stage4.com.ps1
		..\out\u140_stage4.ps1 = ..\out\u140_stage4.ps1
		..\out\u141.com.ps1 = ..\out\u141.com.ps1
		..\out\u141_create.ps1 = ..\out\u141_create.ps1
		..\out\u141_verify.ps1 = ..\out\u141_verify.ps1
		..\out\u700.ps1 = ..\out\u700.ps1
		..\out\u700_bk1.ps1 = ..\out\u700_bk1.ps1
		..\out\u701oscar.ps1 = ..\out\u701oscar.ps1
		..\out\uninsu.ps1 = ..\out\uninsu.ps1
		..\out\update_batch_status_22.ps1 = ..\out\update_batch_status_22.ps1
		..\out\update_batch_status_22to48.ps1 = ..\out\update_batch_status_22to48.ps1
		..\out\update_batch_status_23.ps1 = ..\out\update_batch_status_23.ps1
		..\out\update_batch_status_24.ps1 = ..\out\update_batch_status_24.ps1
		..\out\update_batch_status_25.ps1 = ..\out\update_batch_status_25.ps1
		..\out\update_batch_status_26.ps1 = ..\out\update_batch_status_26.ps1
		..\out\update_batch_status_30.ps1 = ..\out\update_batch_status_30.ps1
		..\out\update_batch_status_31.ps1 = ..\out\update_batch_status_31.ps1
		..\out\update_batch_status_32.ps1 = ..\out\update_batch_status_32.ps1
		..\out\update_batch_status_33.ps1 = ..\out\update_batch_status_33.ps1
		..\out\update_batch_status_34.ps1 = ..\out\update_batch_status_34.ps1
		..\out\update_batch_status_35.ps1 = ..\out\update_batch_status_35.ps1
		..\out\update_batch_status_36.ps1 = ..\out\update_batch_status_36.ps1
		..\out\update_batch_status_37.ps1 = ..\out\update_batch_status_37.ps1
		..\out\update_batch_status_41.ps1 = ..\out\update_batch_status_41.ps1
		..\out\update_batch_status_42.ps1 = ..\out\update_batch_status_42.ps1
		..\out\update_batch_status_43.ps1 = ..\out\update_batch_status_43.ps1
		..\out\update_batch_status_44.ps1 = ..\out\update_batch_status_44.ps1
		..\out\update_batch_status_45.ps1 = ..\out\update_batch_status_45.ps1
		..\out\update_batch_status_46.ps1 = ..\out\update_batch_status_46.ps1
		..\out\update_batch_status_48.ps1 = ..\out\update_batch_status_48.ps1
		..\out\update_batch_status_60.ps1 = ..\out\update_batch_status_60.ps1
		..\out\update_batch_status_60_82_83_86.ps1 = ..\out\update_batch_status_60_82_83_86.ps1
		..\out\update_batch_status_68.ps1 = ..\out\update_batch_status_68.ps1
		..\out\update_batch_status_69.ps1 = ..\out\update_batch_status_69.ps1
		..\out\update_batch_status_70.ps1 = ..\out\update_batch_status_70.ps1
		..\out\update_batch_status_78.ps1 = ..\out\update_batch_status_78.ps1
		..\out\update_batch_status_79.ps1 = ..\out\update_batch_status_79.ps1
		..\out\update_batch_status_80.ps1 = ..\out\update_batch_status_80.ps1
		..\out\update_batch_status_80_91to96.ps1 = ..\out\update_batch_status_80_91to96.ps1
		..\out\update_batch_status_81.ps1 = ..\out\update_batch_status_81.ps1
		..\out\update_batch_status_82.ps1 = ..\out\update_batch_status_82.ps1
		..\out\update_batch_status_83.ps1 = ..\out\update_batch_status_83.ps1
		..\out\update_batch_status_84.ps1 = ..\out\update_batch_status_84.ps1
		..\out\update_batch_status_86.ps1 = ..\out\update_batch_status_86.ps1
		..\out\update_batch_status_87.ps1 = ..\out\update_batch_status_87.ps1
		..\out\update_batch_status_88.ps1 = ..\out\update_batch_status_88.ps1
		..\out\update_batch_status_89.ps1 = ..\out\update_batch_status_89.ps1
		..\out\update_batch_status_91.ps1 = ..\out\update_batch_status_91.ps1
		..\out\update_batch_status_92.ps1 = ..\out\update_batch_status_92.ps1
		..\out\update_batch_status_93.ps1 = ..\out\update_batch_status_93.ps1
		..\out\update_batch_status_94.ps1 = ..\out\update_batch_status_94.ps1
		..\out\update_batch_status_95.ps1 = ..\out\update_batch_status_95.ps1
		..\out\update_batch_status_96.ps1 = ..\out\update_batch_status_96.ps1
		..\out\update_batch_status_98.ps1 = ..\out\update_batch_status_98.ps1
		..\out\update_f050_f051_f060.ps1 = ..\out\update_f050_f051_f060.ps1
		..\out\update_unprocessed_web_disk_patients.ps1 = ..\out\update_unprocessed_web_disk_patients.ps1
		..\out\upload_meditech_patients.ps1 = ..\out\upload_meditech_patients.ps1
		..\out\utl0004.com.ps1 = ..\out\utl0004.com.ps1
		..\out\utl0005_csv.com.ps1 = ..\out\utl0005_csv.com.ps1
		..\out\utl0012.com.ps1 = ..\out\utl0012.com.ps1
		..\out\utl0013.com.ps1 = ..\out\utl0013.com.ps1
		..\out\utl0016.com.ps1 = ..\out\utl0016.com.ps1
		..\out\utl0017.com.ps1 = ..\out\utl0017.com.ps1
		..\out\utl0020.com.ps1 = ..\out\utl0020.com.ps1
		..\out\utl0025.ps1 = ..\out\utl0025.ps1
		..\out\utl0119.com.ps1 = ..\out\utl0119.com.ps1
		..\out\utl0119_all.com.ps1 = ..\out\utl0119_all.com.ps1
		..\out\utl0200.com.ps1 = ..\out\utl0200.com.ps1
		..\out\utl0201.com.ps1 = ..\out\utl0201.com.ps1
		..\out\utl0201_all.com.ps1 = ..\out\utl0201_all.com.ps1
		..\out\verify_101c_payroll_ok_to_run.ps1 = ..\out\verify_101c_payroll_ok_to_run.ps1
		..\out\verify_adj_file.ps1 = ..\out\verify_adj_file.ps1
		..\out\verify_doctor_premiums.ps1 = ..\out\verify_doctor_premiums.ps1
		..\out\verify_solo_payroll_ok_to_run.ps1 = ..\out\verify_solo_payroll_ok_to_run.ps1
		..\out\view_suspense.ps1 = ..\out\view_suspense.ps1
		..\out\web.ps1 = ..\out\web.ps1
		..\out\web_create_claims.ps1 = ..\out\web_create_claims.ps1
		..\out\webhst.ps1 = ..\out\webhst.ps1
		..\out\webpatients.ps1 = ..\out\webpatients.ps1
		..\out\webprice.ps1 = ..\out\webprice.ps1
		..\out\weeken.ps1 = ..\out\weeken.ps1
		..\out\yearend_ar.ps1 = ..\out\yearend_ar.ps1
		..\out\yearend_payroll_backups.ps1 = ..\out\yearend_payroll_backups.ps1
		..\out\yearend_payroll_purges.ps1 = ..\out\yearend_payroll_purges.ps1
		..\out\yearend_r011.ps1 = ..\out\yearend_r011.ps1
		..\out\yearend_r070.ps1 = ..\out\yearend_r070.ps1
		..\out\yearendr011.ps1 = ..\out\yearendr011.ps1
		..\out\yearendr011_61.ps1 = ..\out\yearendr011_61.ps1
		..\out\yearendr070.ps1 = ..\out\yearendr070.ps1
	EndProjectSection
EndProject
Global
	GlobalSection(SolutionProperties) = preSolution
		HideSolutionNode = FALSE
	EndGlobalSection
	GlobalSection(TeamFoundationVersionControl) = preSolution
		SccNumberOfProjects = 1
		SccEnterpriseProvider = {4CA58AB2-18FA-4F8D-95D4-32DDF27D184C}
		SccTeamFoundationServer = http://tfs2015.coremig.local:8080/tfs/rma
		SccLocalPath0 = .
	EndGlobalSection
EndGlobal
