
Microsoft Visual Studio Solution File, Format Version 12.00
# Visual Studio 14
VisualStudioVersion = 14.0.25420.1
MinimumVisualStudioVersion = 10.0.40219.1
Project("{FAE04EC0-301F-11D3-BF4B-00C04F79EFBC}") = "RMA_Install", "RMA_Install\RMA_Install.csproj", "{56AFF933-5954-4CBC-9002-ED7D55A38848}"
EndProject
Global
	GlobalSection(SolutionConfigurationPlatforms) = preSolution
		Debug|Any CPU = Debug|Any CPU
		Release|Any CPU = Release|Any CPU
	EndGlobalSection
	GlobalSection(ProjectConfigurationPlatforms) = postSolution
		{56AFF933-5954-4CBC-9002-ED7D55A38848}.Debug|Any CPU.ActiveCfg = Debug|Any CPU
		{56AFF933-5954-4CBC-9002-ED7D55A38848}.Debug|Any CPU.Build.0 = Debug|Any CPU
		{56AFF933-5954-4CBC-9002-ED7D55A38848}.Release|Any CPU.ActiveCfg = Release|Any CPU
		{56AFF933-5954-4CBC-9002-ED7D55A38848}.Release|Any CPU.Build.0 = Release|Any CPU
	EndGlobalSection
	GlobalSection(SolutionProperties) = preSolution
		HideSolutionNode = FALSE
	EndGlobalSection
	GlobalSection(TeamFoundationVersionControl) = preSolution
		SccNumberOfProjects = 2
		SccEnterpriseProvider = {4CA58AB2-18FA-4F8D-95D4-32DDF27D184C}
		SccTeamFoundationServer = http://tfs2015:8080/tfs/rma
		SccLocalPath0 = .
		SccProjectUniqueName1 = RMA_Install\\RMA_Install.csproj
		SccProjectName1 = RMA_Install
		SccLocalPath1 = RMA_Install
	EndGlobalSection
EndGlobal
