
Microsoft Visual Studio Solution File, Format Version 12.00
# Visual Studio 14
VisualStudioVersion = 14.0.25420.1
MinimumVisualStudioVersion = 10.0.40219.1
Project("{FAE04EC0-301F-11D3-BF4B-00C04F79EFBC}") = "TestRDLReportAssembly", "TestRDLReportAssembly.csproj", "{9D9626FC-3251-461D-8A43-CCF3D285150C}"
	ProjectSection(ProjectDependencies) = postProject
		{E093E818-C5F2-40BD-AA74-A646C15BF7AA} = {E093E818-C5F2-40BD-AA74-A646C15BF7AA}
		{5A19D535-D6D3-4207-96DD-61032BB216B2} = {5A19D535-D6D3-4207-96DD-61032BB216B2}
		{A1D086AF-FC23-413A-8E04-E1EBEE338C92} = {A1D086AF-FC23-413A-8E04-E1EBEE338C92}
	EndProjectSection
EndProject
Project("{FAE04EC0-301F-11D3-BF4B-00C04F79EFBC}") = "RMA_DATA", "..\..\Reports\RMA_DATA\RMA_DATA.csproj", "{1B4F4394-214C-4EC6-991B-7EC75489CA94}"
EndProject
Project("{FAE04EC0-301F-11D3-BF4B-00C04F79EFBC}") = "Core.DataAccess", "..\..\WPF_PH.root\WPF_PH\Core.DataAccess\Core.DataAccess.csproj", "{FCB11157-E6EF-4896-9779-2F9B282EA4BF}"
EndProject
Project("{F184B08F-C81C-45F6-A57F-5ABD9991F28F}") = "Core.ExceptionManagement", "..\..\WPF_PH.root\WPF_PH\Core.ExceptionManagement\Core.ExceptionManagement.vbproj", "{0C9A26D5-D7BF-40A7-960E-74BB5BD6D57E}"
EndProject
Project("{F184B08F-C81C-45F6-A57F-5ABD9991F28F}") = "Core.Framework", "..\..\WPF_PH.root\WPF_PH\Core.Framework\Core.Framework.vbproj", "{A1D086AF-FC23-413A-8E04-E1EBEE338C92}"
	ProjectSection(ProjectDependencies) = postProject
		{FCB11157-E6EF-4896-9779-2F9B282EA4BF} = {FCB11157-E6EF-4896-9779-2F9B282EA4BF}
		{500D6778-4286-4A1B-B35A-34DAE9BAD673} = {500D6778-4286-4A1B-B35A-34DAE9BAD673}
		{0C9A26D5-D7BF-40A7-960E-74BB5BD6D57E} = {0C9A26D5-D7BF-40A7-960E-74BB5BD6D57E}
		{AA6454D5-7C7B-458C-AF31-27535EADD012} = {AA6454D5-7C7B-458C-AF31-27535EADD012}
	EndProjectSection
EndProject
Project("{F184B08F-C81C-45F6-A57F-5ABD9991F28F}") = "Core.Framework.Cache", "..\..\WPF_PH.root\WPF_PH\Core.Framework.Cache\Core.Framework.Cache.vbproj", "{500D6778-4286-4A1B-B35A-34DAE9BAD673}"
EndProject
Project("{F184B08F-C81C-45F6-A57F-5ABD9991F28F}") = "Core.Globalization", "..\..\WPF_PH.root\WPF_PH\Core.Globalization\Core.Globalization.vbproj", "{AA6454D5-7C7B-458C-AF31-27535EADD012}"
EndProject
Project("{F184B08F-C81C-45F6-A57F-5ABD9991F28F}") = "Core.LogManagement", "..\..\WPF_PH.root\WPF_PH\Core.LogManagement\Core.LogManagement.vbproj", "{E093E818-C5F2-40BD-AA74-A646C15BF7AA}"
EndProject
Project("{F184B08F-C81C-45F6-A57F-5ABD9991F28F}") = "Core.ReportFramework", "..\..\WPF_PH.root\WPF_PH\Core.ReportFramework\Core.ReportFramework.vbproj", "{5A19D535-D6D3-4207-96DD-61032BB216B2}"
	ProjectSection(ProjectDependencies) = postProject
		{FCB11157-E6EF-4896-9779-2F9B282EA4BF} = {FCB11157-E6EF-4896-9779-2F9B282EA4BF}
	EndProjectSection
EndProject
Project("{F184B08F-C81C-45F6-A57F-5ABD9991F28F}") = "Core.Windows.UI", "..\..\WPF_PH.root\WPF_PH\Core.Web.UI\Core.Windows.UI.vbproj", "{9C75CCBD-C141-4584-BF03-0D88EA3A3566}"
EndProject
Project("{F184B08F-C81C-45F6-A57F-5ABD9991F28F}") = "Core.RDL.DataSetExtension", "..\..\WPF_PH.root\WPF_PH\Core.RDL.DatasetExtension\Core.RDL.DataSetExtension.vbproj", "{16D29CFD-DA84-4B11-ABC4-943A7FB7A3C4}"
EndProject
Project("{F184B08F-C81C-45F6-A57F-5ABD9991F28F}") = "Core.ExceptionManagement.Interfaces", "..\..\WPF_PH.root\WPF_PH\Core.ExceptionManagement.Interfaces\Core.ExceptionManagement.Interfaces.vbproj", "{E25A0BC6-1733-4073-AB23-1E3157633920}"
EndProject
Global
	GlobalSection(SolutionConfigurationPlatforms) = preSolution
		AVATAR1|Any CPU = AVATAR1|Any CPU
		AVATAR1|x64 = AVATAR1|x64
		CORE-7-183|Any CPU = CORE-7-183|Any CPU
		CORE-7-183|x64 = CORE-7-183|x64
		Debug|Any CPU = Debug|Any CPU
		Debug|x64 = Debug|x64
		DEVSERVER|Any CPU = DEVSERVER|Any CPU
		DEVSERVER|x64 = DEVSERVER|x64
		Release|Any CPU = Release|Any CPU
		Release|x64 = Release|x64
		rma|Any CPU = rma|Any CPU
		rma|x64 = rma|x64
	EndGlobalSection
	GlobalSection(ProjectConfigurationPlatforms) = postSolution
		{9D9626FC-3251-461D-8A43-CCF3D285150C}.AVATAR1|Any CPU.ActiveCfg = Release|Any CPU
		{9D9626FC-3251-461D-8A43-CCF3D285150C}.AVATAR1|Any CPU.Build.0 = Release|Any CPU
		{9D9626FC-3251-461D-8A43-CCF3D285150C}.AVATAR1|x64.ActiveCfg = Release|Any CPU
		{9D9626FC-3251-461D-8A43-CCF3D285150C}.CORE-7-183|Any CPU.ActiveCfg = Release|Any CPU
		{9D9626FC-3251-461D-8A43-CCF3D285150C}.CORE-7-183|Any CPU.Build.0 = Release|Any CPU
		{9D9626FC-3251-461D-8A43-CCF3D285150C}.CORE-7-183|x64.ActiveCfg = Release|Any CPU
		{9D9626FC-3251-461D-8A43-CCF3D285150C}.Debug|Any CPU.ActiveCfg = Debug|Any CPU
		{9D9626FC-3251-461D-8A43-CCF3D285150C}.Debug|Any CPU.Build.0 = Debug|Any CPU
		{9D9626FC-3251-461D-8A43-CCF3D285150C}.Debug|x64.ActiveCfg = Debug|Any CPU
		{9D9626FC-3251-461D-8A43-CCF3D285150C}.DEVSERVER|Any CPU.ActiveCfg = Debug|Any CPU
		{9D9626FC-3251-461D-8A43-CCF3D285150C}.DEVSERVER|Any CPU.Build.0 = Debug|Any CPU
		{9D9626FC-3251-461D-8A43-CCF3D285150C}.DEVSERVER|x64.ActiveCfg = Debug|Any CPU
		{9D9626FC-3251-461D-8A43-CCF3D285150C}.Release|Any CPU.ActiveCfg = Release|Any CPU
		{9D9626FC-3251-461D-8A43-CCF3D285150C}.Release|Any CPU.Build.0 = Release|Any CPU
		{9D9626FC-3251-461D-8A43-CCF3D285150C}.Release|x64.ActiveCfg = Release|Any CPU
		{9D9626FC-3251-461D-8A43-CCF3D285150C}.rma|Any CPU.ActiveCfg = Release|Any CPU
		{9D9626FC-3251-461D-8A43-CCF3D285150C}.rma|Any CPU.Build.0 = Release|Any CPU
		{9D9626FC-3251-461D-8A43-CCF3D285150C}.rma|x64.ActiveCfg = Release|Any CPU
		{9D9626FC-3251-461D-8A43-CCF3D285150C}.rma|x64.Build.0 = Release|Any CPU
		{1B4F4394-214C-4EC6-991B-7EC75489CA94}.AVATAR1|Any CPU.ActiveCfg = Release|Any CPU
		{1B4F4394-214C-4EC6-991B-7EC75489CA94}.AVATAR1|Any CPU.Build.0 = Release|Any CPU
		{1B4F4394-214C-4EC6-991B-7EC75489CA94}.AVATAR1|x64.ActiveCfg = Release|x64
		{1B4F4394-214C-4EC6-991B-7EC75489CA94}.AVATAR1|x64.Build.0 = Release|x64
		{1B4F4394-214C-4EC6-991B-7EC75489CA94}.CORE-7-183|Any CPU.ActiveCfg = Release|Any CPU
		{1B4F4394-214C-4EC6-991B-7EC75489CA94}.CORE-7-183|Any CPU.Build.0 = Release|Any CPU
		{1B4F4394-214C-4EC6-991B-7EC75489CA94}.CORE-7-183|x64.ActiveCfg = Release|x64
		{1B4F4394-214C-4EC6-991B-7EC75489CA94}.CORE-7-183|x64.Build.0 = Release|x64
		{1B4F4394-214C-4EC6-991B-7EC75489CA94}.Debug|Any CPU.ActiveCfg = Debug|Any CPU
		{1B4F4394-214C-4EC6-991B-7EC75489CA94}.Debug|Any CPU.Build.0 = Debug|Any CPU
		{1B4F4394-214C-4EC6-991B-7EC75489CA94}.Debug|x64.ActiveCfg = Debug|x64
		{1B4F4394-214C-4EC6-991B-7EC75489CA94}.Debug|x64.Build.0 = Debug|x64
		{1B4F4394-214C-4EC6-991B-7EC75489CA94}.DEVSERVER|Any CPU.ActiveCfg = Debug|Any CPU
		{1B4F4394-214C-4EC6-991B-7EC75489CA94}.DEVSERVER|Any CPU.Build.0 = Debug|Any CPU
		{1B4F4394-214C-4EC6-991B-7EC75489CA94}.DEVSERVER|x64.ActiveCfg = Debug|x64
		{1B4F4394-214C-4EC6-991B-7EC75489CA94}.DEVSERVER|x64.Build.0 = Debug|x64
		{1B4F4394-214C-4EC6-991B-7EC75489CA94}.Release|Any CPU.ActiveCfg = Release|Any CPU
		{1B4F4394-214C-4EC6-991B-7EC75489CA94}.Release|Any CPU.Build.0 = Release|Any CPU
		{1B4F4394-214C-4EC6-991B-7EC75489CA94}.Release|x64.ActiveCfg = Release|x64
		{1B4F4394-214C-4EC6-991B-7EC75489CA94}.Release|x64.Build.0 = Release|x64
		{1B4F4394-214C-4EC6-991B-7EC75489CA94}.rma|Any CPU.ActiveCfg = RMASCRIPT|Any CPU
		{1B4F4394-214C-4EC6-991B-7EC75489CA94}.rma|Any CPU.Build.0 = RMASCRIPT|Any CPU
		{1B4F4394-214C-4EC6-991B-7EC75489CA94}.rma|x64.ActiveCfg = RMASCRIPT|x64
		{1B4F4394-214C-4EC6-991B-7EC75489CA94}.rma|x64.Build.0 = RMASCRIPT|x64
		{FCB11157-E6EF-4896-9779-2F9B282EA4BF}.AVATAR1|Any CPU.ActiveCfg = Release|Any CPU
		{FCB11157-E6EF-4896-9779-2F9B282EA4BF}.AVATAR1|Any CPU.Build.0 = Release|Any CPU
		{FCB11157-E6EF-4896-9779-2F9B282EA4BF}.AVATAR1|x64.ActiveCfg = Release|Any CPU
		{FCB11157-E6EF-4896-9779-2F9B282EA4BF}.AVATAR1|x64.Build.0 = Release|Any CPU
		{FCB11157-E6EF-4896-9779-2F9B282EA4BF}.CORE-7-183|Any CPU.ActiveCfg = Release|Any CPU
		{FCB11157-E6EF-4896-9779-2F9B282EA4BF}.CORE-7-183|Any CPU.Build.0 = Release|Any CPU
		{FCB11157-E6EF-4896-9779-2F9B282EA4BF}.CORE-7-183|x64.ActiveCfg = Release|Any CPU
		{FCB11157-E6EF-4896-9779-2F9B282EA4BF}.CORE-7-183|x64.Build.0 = Release|Any CPU
		{FCB11157-E6EF-4896-9779-2F9B282EA4BF}.Debug|Any CPU.ActiveCfg = Debug|Any CPU
		{FCB11157-E6EF-4896-9779-2F9B282EA4BF}.Debug|Any CPU.Build.0 = Debug|Any CPU
		{FCB11157-E6EF-4896-9779-2F9B282EA4BF}.Debug|x64.ActiveCfg = Debug|Any CPU
		{FCB11157-E6EF-4896-9779-2F9B282EA4BF}.Debug|x64.Build.0 = Debug|Any CPU
		{FCB11157-E6EF-4896-9779-2F9B282EA4BF}.DEVSERVER|Any CPU.ActiveCfg = Debug|Any CPU
		{FCB11157-E6EF-4896-9779-2F9B282EA4BF}.DEVSERVER|Any CPU.Build.0 = Debug|Any CPU
		{FCB11157-E6EF-4896-9779-2F9B282EA4BF}.DEVSERVER|x64.ActiveCfg = Debug|Any CPU
		{FCB11157-E6EF-4896-9779-2F9B282EA4BF}.DEVSERVER|x64.Build.0 = Debug|Any CPU
		{FCB11157-E6EF-4896-9779-2F9B282EA4BF}.Release|Any CPU.ActiveCfg = Release|Any CPU
		{FCB11157-E6EF-4896-9779-2F9B282EA4BF}.Release|Any CPU.Build.0 = Release|Any CPU
		{FCB11157-E6EF-4896-9779-2F9B282EA4BF}.Release|x64.ActiveCfg = Release|Any CPU
		{FCB11157-E6EF-4896-9779-2F9B282EA4BF}.Release|x64.Build.0 = Release|Any CPU
		{FCB11157-E6EF-4896-9779-2F9B282EA4BF}.rma|Any CPU.ActiveCfg = Release|Any CPU
		{FCB11157-E6EF-4896-9779-2F9B282EA4BF}.rma|Any CPU.Build.0 = Release|Any CPU
		{FCB11157-E6EF-4896-9779-2F9B282EA4BF}.rma|x64.ActiveCfg = Release|Any CPU
		{FCB11157-E6EF-4896-9779-2F9B282EA4BF}.rma|x64.Build.0 = Release|Any CPU
		{0C9A26D5-D7BF-40A7-960E-74BB5BD6D57E}.AVATAR1|Any CPU.ActiveCfg = rma|Any CPU
		{0C9A26D5-D7BF-40A7-960E-74BB5BD6D57E}.AVATAR1|Any CPU.Build.0 = rma|Any CPU
		{0C9A26D5-D7BF-40A7-960E-74BB5BD6D57E}.AVATAR1|x64.ActiveCfg = rma|Any CPU
		{0C9A26D5-D7BF-40A7-960E-74BB5BD6D57E}.AVATAR1|x64.Build.0 = rma|Any CPU
		{0C9A26D5-D7BF-40A7-960E-74BB5BD6D57E}.CORE-7-183|Any CPU.ActiveCfg = rma|Any CPU
		{0C9A26D5-D7BF-40A7-960E-74BB5BD6D57E}.CORE-7-183|Any CPU.Build.0 = rma|Any CPU
		{0C9A26D5-D7BF-40A7-960E-74BB5BD6D57E}.CORE-7-183|x64.ActiveCfg = rma|Any CPU
		{0C9A26D5-D7BF-40A7-960E-74BB5BD6D57E}.CORE-7-183|x64.Build.0 = rma|Any CPU
		{0C9A26D5-D7BF-40A7-960E-74BB5BD6D57E}.Debug|Any CPU.ActiveCfg = Debug|Any CPU
		{0C9A26D5-D7BF-40A7-960E-74BB5BD6D57E}.Debug|Any CPU.Build.0 = Debug|Any CPU
		{0C9A26D5-D7BF-40A7-960E-74BB5BD6D57E}.Debug|x64.ActiveCfg = Debug|Any CPU
		{0C9A26D5-D7BF-40A7-960E-74BB5BD6D57E}.Debug|x64.Build.0 = Debug|Any CPU
		{0C9A26D5-D7BF-40A7-960E-74BB5BD6D57E}.DEVSERVER|Any CPU.ActiveCfg = Debug|Any CPU
		{0C9A26D5-D7BF-40A7-960E-74BB5BD6D57E}.DEVSERVER|Any CPU.Build.0 = Debug|Any CPU
		{0C9A26D5-D7BF-40A7-960E-74BB5BD6D57E}.DEVSERVER|x64.ActiveCfg = Debug|Any CPU
		{0C9A26D5-D7BF-40A7-960E-74BB5BD6D57E}.DEVSERVER|x64.Build.0 = Debug|Any CPU
		{0C9A26D5-D7BF-40A7-960E-74BB5BD6D57E}.Release|Any CPU.ActiveCfg = Release|Any CPU
		{0C9A26D5-D7BF-40A7-960E-74BB5BD6D57E}.Release|Any CPU.Build.0 = Release|Any CPU
		{0C9A26D5-D7BF-40A7-960E-74BB5BD6D57E}.Release|x64.ActiveCfg = Release|Any CPU
		{0C9A26D5-D7BF-40A7-960E-74BB5BD6D57E}.Release|x64.Build.0 = Release|Any CPU
		{0C9A26D5-D7BF-40A7-960E-74BB5BD6D57E}.rma|Any CPU.ActiveCfg = rma|Any CPU
		{0C9A26D5-D7BF-40A7-960E-74BB5BD6D57E}.rma|Any CPU.Build.0 = rma|Any CPU
		{0C9A26D5-D7BF-40A7-960E-74BB5BD6D57E}.rma|x64.ActiveCfg = rma|Any CPU
		{0C9A26D5-D7BF-40A7-960E-74BB5BD6D57E}.rma|x64.Build.0 = rma|Any CPU
		{A1D086AF-FC23-413A-8E04-E1EBEE338C92}.AVATAR1|Any CPU.ActiveCfg = Release|Any CPU
		{A1D086AF-FC23-413A-8E04-E1EBEE338C92}.AVATAR1|Any CPU.Build.0 = Release|Any CPU
		{A1D086AF-FC23-413A-8E04-E1EBEE338C92}.AVATAR1|x64.ActiveCfg = Release|Any CPU
		{A1D086AF-FC23-413A-8E04-E1EBEE338C92}.AVATAR1|x64.Build.0 = Release|Any CPU
		{A1D086AF-FC23-413A-8E04-E1EBEE338C92}.CORE-7-183|Any CPU.ActiveCfg = Release|Any CPU
		{A1D086AF-FC23-413A-8E04-E1EBEE338C92}.CORE-7-183|Any CPU.Build.0 = Release|Any CPU
		{A1D086AF-FC23-413A-8E04-E1EBEE338C92}.CORE-7-183|x64.ActiveCfg = Release|Any CPU
		{A1D086AF-FC23-413A-8E04-E1EBEE338C92}.CORE-7-183|x64.Build.0 = Release|Any CPU
		{A1D086AF-FC23-413A-8E04-E1EBEE338C92}.Debug|Any CPU.ActiveCfg = Debug|Any CPU
		{A1D086AF-FC23-413A-8E04-E1EBEE338C92}.Debug|Any CPU.Build.0 = Debug|Any CPU
		{A1D086AF-FC23-413A-8E04-E1EBEE338C92}.Debug|x64.ActiveCfg = Debug|Any CPU
		{A1D086AF-FC23-413A-8E04-E1EBEE338C92}.Debug|x64.Build.0 = Debug|Any CPU
		{A1D086AF-FC23-413A-8E04-E1EBEE338C92}.DEVSERVER|Any CPU.ActiveCfg = Debug|Any CPU
		{A1D086AF-FC23-413A-8E04-E1EBEE338C92}.DEVSERVER|Any CPU.Build.0 = Debug|Any CPU
		{A1D086AF-FC23-413A-8E04-E1EBEE338C92}.DEVSERVER|x64.ActiveCfg = Debug|Any CPU
		{A1D086AF-FC23-413A-8E04-E1EBEE338C92}.DEVSERVER|x64.Build.0 = Debug|Any CPU
		{A1D086AF-FC23-413A-8E04-E1EBEE338C92}.Release|Any CPU.ActiveCfg = Release|Any CPU
		{A1D086AF-FC23-413A-8E04-E1EBEE338C92}.Release|Any CPU.Build.0 = Release|Any CPU
		{A1D086AF-FC23-413A-8E04-E1EBEE338C92}.Release|x64.ActiveCfg = Release|Any CPU
		{A1D086AF-FC23-413A-8E04-E1EBEE338C92}.Release|x64.Build.0 = Release|Any CPU
		{A1D086AF-FC23-413A-8E04-E1EBEE338C92}.rma|Any CPU.ActiveCfg = Release|Any CPU
		{A1D086AF-FC23-413A-8E04-E1EBEE338C92}.rma|Any CPU.Build.0 = Release|Any CPU
		{A1D086AF-FC23-413A-8E04-E1EBEE338C92}.rma|x64.ActiveCfg = Release|Any CPU
		{A1D086AF-FC23-413A-8E04-E1EBEE338C92}.rma|x64.Build.0 = Release|Any CPU
		{500D6778-4286-4A1B-B35A-34DAE9BAD673}.AVATAR1|Any CPU.ActiveCfg = Release|Any CPU
		{500D6778-4286-4A1B-B35A-34DAE9BAD673}.AVATAR1|Any CPU.Build.0 = Release|Any CPU
		{500D6778-4286-4A1B-B35A-34DAE9BAD673}.AVATAR1|x64.ActiveCfg = Release|Any CPU
		{500D6778-4286-4A1B-B35A-34DAE9BAD673}.AVATAR1|x64.Build.0 = Release|Any CPU
		{500D6778-4286-4A1B-B35A-34DAE9BAD673}.CORE-7-183|Any CPU.ActiveCfg = Release|Any CPU
		{500D6778-4286-4A1B-B35A-34DAE9BAD673}.CORE-7-183|Any CPU.Build.0 = Release|Any CPU
		{500D6778-4286-4A1B-B35A-34DAE9BAD673}.CORE-7-183|x64.ActiveCfg = Release|Any CPU
		{500D6778-4286-4A1B-B35A-34DAE9BAD673}.CORE-7-183|x64.Build.0 = Release|Any CPU
		{500D6778-4286-4A1B-B35A-34DAE9BAD673}.Debug|Any CPU.ActiveCfg = Debug|Any CPU
		{500D6778-4286-4A1B-B35A-34DAE9BAD673}.Debug|Any CPU.Build.0 = Debug|Any CPU
		{500D6778-4286-4A1B-B35A-34DAE9BAD673}.Debug|x64.ActiveCfg = Debug|Any CPU
		{500D6778-4286-4A1B-B35A-34DAE9BAD673}.Debug|x64.Build.0 = Debug|Any CPU
		{500D6778-4286-4A1B-B35A-34DAE9BAD673}.DEVSERVER|Any CPU.ActiveCfg = Debug|Any CPU
		{500D6778-4286-4A1B-B35A-34DAE9BAD673}.DEVSERVER|Any CPU.Build.0 = Debug|Any CPU
		{500D6778-4286-4A1B-B35A-34DAE9BAD673}.DEVSERVER|x64.ActiveCfg = Debug|Any CPU
		{500D6778-4286-4A1B-B35A-34DAE9BAD673}.DEVSERVER|x64.Build.0 = Debug|Any CPU
		{500D6778-4286-4A1B-B35A-34DAE9BAD673}.Release|Any CPU.ActiveCfg = Release|Any CPU
		{500D6778-4286-4A1B-B35A-34DAE9BAD673}.Release|Any CPU.Build.0 = Release|Any CPU
		{500D6778-4286-4A1B-B35A-34DAE9BAD673}.Release|x64.ActiveCfg = Release|Any CPU
		{500D6778-4286-4A1B-B35A-34DAE9BAD673}.Release|x64.Build.0 = Release|Any CPU
		{500D6778-4286-4A1B-B35A-34DAE9BAD673}.rma|Any CPU.ActiveCfg = Release|Any CPU
		{500D6778-4286-4A1B-B35A-34DAE9BAD673}.rma|Any CPU.Build.0 = Release|Any CPU
		{500D6778-4286-4A1B-B35A-34DAE9BAD673}.rma|x64.ActiveCfg = Release|Any CPU
		{500D6778-4286-4A1B-B35A-34DAE9BAD673}.rma|x64.Build.0 = Release|Any CPU
		{AA6454D5-7C7B-458C-AF31-27535EADD012}.AVATAR1|Any CPU.ActiveCfg = Release|Any CPU
		{AA6454D5-7C7B-458C-AF31-27535EADD012}.AVATAR1|Any CPU.Build.0 = Release|Any CPU
		{AA6454D5-7C7B-458C-AF31-27535EADD012}.AVATAR1|x64.ActiveCfg = Release|Any CPU
		{AA6454D5-7C7B-458C-AF31-27535EADD012}.AVATAR1|x64.Build.0 = Release|Any CPU
		{AA6454D5-7C7B-458C-AF31-27535EADD012}.CORE-7-183|Any CPU.ActiveCfg = Release|Any CPU
		{AA6454D5-7C7B-458C-AF31-27535EADD012}.CORE-7-183|Any CPU.Build.0 = Release|Any CPU
		{AA6454D5-7C7B-458C-AF31-27535EADD012}.CORE-7-183|x64.ActiveCfg = Release|Any CPU
		{AA6454D5-7C7B-458C-AF31-27535EADD012}.CORE-7-183|x64.Build.0 = Release|Any CPU
		{AA6454D5-7C7B-458C-AF31-27535EADD012}.Debug|Any CPU.ActiveCfg = Debug|Any CPU
		{AA6454D5-7C7B-458C-AF31-27535EADD012}.Debug|Any CPU.Build.0 = Debug|Any CPU
		{AA6454D5-7C7B-458C-AF31-27535EADD012}.Debug|x64.ActiveCfg = Debug|Any CPU
		{AA6454D5-7C7B-458C-AF31-27535EADD012}.Debug|x64.Build.0 = Debug|Any CPU
		{AA6454D5-7C7B-458C-AF31-27535EADD012}.DEVSERVER|Any CPU.ActiveCfg = Debug|Any CPU
		{AA6454D5-7C7B-458C-AF31-27535EADD012}.DEVSERVER|Any CPU.Build.0 = Debug|Any CPU
		{AA6454D5-7C7B-458C-AF31-27535EADD012}.DEVSERVER|x64.ActiveCfg = Debug|Any CPU
		{AA6454D5-7C7B-458C-AF31-27535EADD012}.DEVSERVER|x64.Build.0 = Debug|Any CPU
		{AA6454D5-7C7B-458C-AF31-27535EADD012}.Release|Any CPU.ActiveCfg = Release|Any CPU
		{AA6454D5-7C7B-458C-AF31-27535EADD012}.Release|Any CPU.Build.0 = Release|Any CPU
		{AA6454D5-7C7B-458C-AF31-27535EADD012}.Release|x64.ActiveCfg = Release|Any CPU
		{AA6454D5-7C7B-458C-AF31-27535EADD012}.Release|x64.Build.0 = Release|Any CPU
		{AA6454D5-7C7B-458C-AF31-27535EADD012}.rma|Any CPU.ActiveCfg = Release|Any CPU
		{AA6454D5-7C7B-458C-AF31-27535EADD012}.rma|Any CPU.Build.0 = Release|Any CPU
		{AA6454D5-7C7B-458C-AF31-27535EADD012}.rma|x64.ActiveCfg = Release|Any CPU
		{AA6454D5-7C7B-458C-AF31-27535EADD012}.rma|x64.Build.0 = Release|Any CPU
		{E093E818-C5F2-40BD-AA74-A646C15BF7AA}.AVATAR1|Any CPU.ActiveCfg = Release|Any CPU
		{E093E818-C5F2-40BD-AA74-A646C15BF7AA}.AVATAR1|Any CPU.Build.0 = Release|Any CPU
		{E093E818-C5F2-40BD-AA74-A646C15BF7AA}.AVATAR1|x64.ActiveCfg = Release|Any CPU
		{E093E818-C5F2-40BD-AA74-A646C15BF7AA}.AVATAR1|x64.Build.0 = Release|Any CPU
		{E093E818-C5F2-40BD-AA74-A646C15BF7AA}.CORE-7-183|Any CPU.ActiveCfg = Release|Any CPU
		{E093E818-C5F2-40BD-AA74-A646C15BF7AA}.CORE-7-183|Any CPU.Build.0 = Release|Any CPU
		{E093E818-C5F2-40BD-AA74-A646C15BF7AA}.CORE-7-183|x64.ActiveCfg = Release|Any CPU
		{E093E818-C5F2-40BD-AA74-A646C15BF7AA}.CORE-7-183|x64.Build.0 = Release|Any CPU
		{E093E818-C5F2-40BD-AA74-A646C15BF7AA}.Debug|Any CPU.ActiveCfg = Debug|Any CPU
		{E093E818-C5F2-40BD-AA74-A646C15BF7AA}.Debug|Any CPU.Build.0 = Debug|Any CPU
		{E093E818-C5F2-40BD-AA74-A646C15BF7AA}.Debug|x64.ActiveCfg = Debug|Any CPU
		{E093E818-C5F2-40BD-AA74-A646C15BF7AA}.Debug|x64.Build.0 = Debug|Any CPU
		{E093E818-C5F2-40BD-AA74-A646C15BF7AA}.DEVSERVER|Any CPU.ActiveCfg = Debug|Any CPU
		{E093E818-C5F2-40BD-AA74-A646C15BF7AA}.DEVSERVER|Any CPU.Build.0 = Debug|Any CPU
		{E093E818-C5F2-40BD-AA74-A646C15BF7AA}.DEVSERVER|x64.ActiveCfg = Debug|Any CPU
		{E093E818-C5F2-40BD-AA74-A646C15BF7AA}.DEVSERVER|x64.Build.0 = Debug|Any CPU
		{E093E818-C5F2-40BD-AA74-A646C15BF7AA}.Release|Any CPU.ActiveCfg = Release|Any CPU
		{E093E818-C5F2-40BD-AA74-A646C15BF7AA}.Release|Any CPU.Build.0 = Release|Any CPU
		{E093E818-C5F2-40BD-AA74-A646C15BF7AA}.Release|x64.ActiveCfg = Release|Any CPU
		{E093E818-C5F2-40BD-AA74-A646C15BF7AA}.Release|x64.Build.0 = Release|Any CPU
		{E093E818-C5F2-40BD-AA74-A646C15BF7AA}.rma|Any CPU.ActiveCfg = Release|Any CPU
		{E093E818-C5F2-40BD-AA74-A646C15BF7AA}.rma|Any CPU.Build.0 = Release|Any CPU
		{E093E818-C5F2-40BD-AA74-A646C15BF7AA}.rma|x64.ActiveCfg = Release|Any CPU
		{E093E818-C5F2-40BD-AA74-A646C15BF7AA}.rma|x64.Build.0 = Release|Any CPU
		{5A19D535-D6D3-4207-96DD-61032BB216B2}.AVATAR1|Any CPU.ActiveCfg = Release|Any CPU
		{5A19D535-D6D3-4207-96DD-61032BB216B2}.AVATAR1|Any CPU.Build.0 = Release|Any CPU
		{5A19D535-D6D3-4207-96DD-61032BB216B2}.AVATAR1|x64.ActiveCfg = Release|Any CPU
		{5A19D535-D6D3-4207-96DD-61032BB216B2}.AVATAR1|x64.Build.0 = Release|Any CPU
		{5A19D535-D6D3-4207-96DD-61032BB216B2}.CORE-7-183|Any CPU.ActiveCfg = Release|Any CPU
		{5A19D535-D6D3-4207-96DD-61032BB216B2}.CORE-7-183|Any CPU.Build.0 = Release|Any CPU
		{5A19D535-D6D3-4207-96DD-61032BB216B2}.CORE-7-183|x64.ActiveCfg = Release|Any CPU
		{5A19D535-D6D3-4207-96DD-61032BB216B2}.CORE-7-183|x64.Build.0 = Release|Any CPU
		{5A19D535-D6D3-4207-96DD-61032BB216B2}.Debug|Any CPU.ActiveCfg = Debug|Any CPU
		{5A19D535-D6D3-4207-96DD-61032BB216B2}.Debug|Any CPU.Build.0 = Debug|Any CPU
		{5A19D535-D6D3-4207-96DD-61032BB216B2}.Debug|x64.ActiveCfg = Debug|Any CPU
		{5A19D535-D6D3-4207-96DD-61032BB216B2}.Debug|x64.Build.0 = Debug|Any CPU
		{5A19D535-D6D3-4207-96DD-61032BB216B2}.DEVSERVER|Any CPU.ActiveCfg = Debug|Any CPU
		{5A19D535-D6D3-4207-96DD-61032BB216B2}.DEVSERVER|Any CPU.Build.0 = Debug|Any CPU
		{5A19D535-D6D3-4207-96DD-61032BB216B2}.DEVSERVER|x64.ActiveCfg = Debug|Any CPU
		{5A19D535-D6D3-4207-96DD-61032BB216B2}.DEVSERVER|x64.Build.0 = Debug|Any CPU
		{5A19D535-D6D3-4207-96DD-61032BB216B2}.Release|Any CPU.ActiveCfg = Release|Any CPU
		{5A19D535-D6D3-4207-96DD-61032BB216B2}.Release|Any CPU.Build.0 = Release|Any CPU
		{5A19D535-D6D3-4207-96DD-61032BB216B2}.Release|x64.ActiveCfg = Release|Any CPU
		{5A19D535-D6D3-4207-96DD-61032BB216B2}.Release|x64.Build.0 = Release|Any CPU
		{5A19D535-D6D3-4207-96DD-61032BB216B2}.rma|Any CPU.ActiveCfg = Release|Any CPU
		{5A19D535-D6D3-4207-96DD-61032BB216B2}.rma|Any CPU.Build.0 = Release|Any CPU
		{5A19D535-D6D3-4207-96DD-61032BB216B2}.rma|x64.ActiveCfg = Release|Any CPU
		{5A19D535-D6D3-4207-96DD-61032BB216B2}.rma|x64.Build.0 = Release|Any CPU
		{9C75CCBD-C141-4584-BF03-0D88EA3A3566}.AVATAR1|Any CPU.ActiveCfg = rma|Any CPU
		{9C75CCBD-C141-4584-BF03-0D88EA3A3566}.AVATAR1|Any CPU.Build.0 = rma|Any CPU
		{9C75CCBD-C141-4584-BF03-0D88EA3A3566}.AVATAR1|x64.ActiveCfg = rma|Any CPU
		{9C75CCBD-C141-4584-BF03-0D88EA3A3566}.AVATAR1|x64.Build.0 = rma|Any CPU
		{9C75CCBD-C141-4584-BF03-0D88EA3A3566}.CORE-7-183|Any CPU.ActiveCfg = rma|Any CPU
		{9C75CCBD-C141-4584-BF03-0D88EA3A3566}.CORE-7-183|Any CPU.Build.0 = rma|Any CPU
		{9C75CCBD-C141-4584-BF03-0D88EA3A3566}.CORE-7-183|x64.ActiveCfg = rma|Any CPU
		{9C75CCBD-C141-4584-BF03-0D88EA3A3566}.CORE-7-183|x64.Build.0 = rma|Any CPU
		{9C75CCBD-C141-4584-BF03-0D88EA3A3566}.Debug|Any CPU.ActiveCfg = Debug|Any CPU
		{9C75CCBD-C141-4584-BF03-0D88EA3A3566}.Debug|Any CPU.Build.0 = Debug|Any CPU
		{9C75CCBD-C141-4584-BF03-0D88EA3A3566}.Debug|x64.ActiveCfg = Debug|Any CPU
		{9C75CCBD-C141-4584-BF03-0D88EA3A3566}.Debug|x64.Build.0 = Debug|Any CPU
		{9C75CCBD-C141-4584-BF03-0D88EA3A3566}.DEVSERVER|Any CPU.ActiveCfg = Debug|Any CPU
		{9C75CCBD-C141-4584-BF03-0D88EA3A3566}.DEVSERVER|Any CPU.Build.0 = Debug|Any CPU
		{9C75CCBD-C141-4584-BF03-0D88EA3A3566}.DEVSERVER|x64.ActiveCfg = Debug|Any CPU
		{9C75CCBD-C141-4584-BF03-0D88EA3A3566}.DEVSERVER|x64.Build.0 = Debug|Any CPU
		{9C75CCBD-C141-4584-BF03-0D88EA3A3566}.Release|Any CPU.ActiveCfg = Release|Any CPU
		{9C75CCBD-C141-4584-BF03-0D88EA3A3566}.Release|Any CPU.Build.0 = Release|Any CPU
		{9C75CCBD-C141-4584-BF03-0D88EA3A3566}.Release|x64.ActiveCfg = Release|Any CPU
		{9C75CCBD-C141-4584-BF03-0D88EA3A3566}.Release|x64.Build.0 = Release|Any CPU
		{9C75CCBD-C141-4584-BF03-0D88EA3A3566}.rma|Any CPU.ActiveCfg = rma|Any CPU
		{9C75CCBD-C141-4584-BF03-0D88EA3A3566}.rma|Any CPU.Build.0 = rma|Any CPU
		{9C75CCBD-C141-4584-BF03-0D88EA3A3566}.rma|x64.ActiveCfg = rma|Any CPU
		{9C75CCBD-C141-4584-BF03-0D88EA3A3566}.rma|x64.Build.0 = rma|Any CPU
		{16D29CFD-DA84-4B11-ABC4-943A7FB7A3C4}.AVATAR1|Any CPU.ActiveCfg = Debug|Any CPU
		{16D29CFD-DA84-4B11-ABC4-943A7FB7A3C4}.AVATAR1|Any CPU.Build.0 = Debug|Any CPU
		{16D29CFD-DA84-4B11-ABC4-943A7FB7A3C4}.AVATAR1|x64.ActiveCfg = Debug|x64
		{16D29CFD-DA84-4B11-ABC4-943A7FB7A3C4}.AVATAR1|x64.Build.0 = Debug|x64
		{16D29CFD-DA84-4B11-ABC4-943A7FB7A3C4}.CORE-7-183|Any CPU.ActiveCfg = Debug|Any CPU
		{16D29CFD-DA84-4B11-ABC4-943A7FB7A3C4}.CORE-7-183|Any CPU.Build.0 = Debug|Any CPU
		{16D29CFD-DA84-4B11-ABC4-943A7FB7A3C4}.CORE-7-183|x64.ActiveCfg = Debug|x64
		{16D29CFD-DA84-4B11-ABC4-943A7FB7A3C4}.CORE-7-183|x64.Build.0 = Debug|x64
		{16D29CFD-DA84-4B11-ABC4-943A7FB7A3C4}.Debug|Any CPU.ActiveCfg = Debug|Any CPU
		{16D29CFD-DA84-4B11-ABC4-943A7FB7A3C4}.Debug|Any CPU.Build.0 = Debug|Any CPU
		{16D29CFD-DA84-4B11-ABC4-943A7FB7A3C4}.Debug|x64.ActiveCfg = Debug|x64
		{16D29CFD-DA84-4B11-ABC4-943A7FB7A3C4}.Debug|x64.Build.0 = Debug|x64
		{16D29CFD-DA84-4B11-ABC4-943A7FB7A3C4}.DEVSERVER|Any CPU.ActiveCfg = Debug|Any CPU
		{16D29CFD-DA84-4B11-ABC4-943A7FB7A3C4}.DEVSERVER|Any CPU.Build.0 = Debug|Any CPU
		{16D29CFD-DA84-4B11-ABC4-943A7FB7A3C4}.DEVSERVER|x64.ActiveCfg = Debug|x64
		{16D29CFD-DA84-4B11-ABC4-943A7FB7A3C4}.DEVSERVER|x64.Build.0 = Debug|x64
		{16D29CFD-DA84-4B11-ABC4-943A7FB7A3C4}.Release|Any CPU.ActiveCfg = Release|Any CPU
		{16D29CFD-DA84-4B11-ABC4-943A7FB7A3C4}.Release|Any CPU.Build.0 = Release|Any CPU
		{16D29CFD-DA84-4B11-ABC4-943A7FB7A3C4}.Release|x64.ActiveCfg = Release|x64
		{16D29CFD-DA84-4B11-ABC4-943A7FB7A3C4}.Release|x64.Build.0 = Release|x64
		{16D29CFD-DA84-4B11-ABC4-943A7FB7A3C4}.rma|Any CPU.ActiveCfg = Release|Any CPU
		{16D29CFD-DA84-4B11-ABC4-943A7FB7A3C4}.rma|Any CPU.Build.0 = Release|Any CPU
		{16D29CFD-DA84-4B11-ABC4-943A7FB7A3C4}.rma|x64.ActiveCfg = Release|x64
		{16D29CFD-DA84-4B11-ABC4-943A7FB7A3C4}.rma|x64.Build.0 = Release|x64
		{E25A0BC6-1733-4073-AB23-1E3157633920}.AVATAR1|Any CPU.ActiveCfg = rma|Any CPU
		{E25A0BC6-1733-4073-AB23-1E3157633920}.AVATAR1|Any CPU.Build.0 = rma|Any CPU
		{E25A0BC6-1733-4073-AB23-1E3157633920}.AVATAR1|x64.ActiveCfg = rma|Any CPU
		{E25A0BC6-1733-4073-AB23-1E3157633920}.AVATAR1|x64.Build.0 = rma|Any CPU
		{E25A0BC6-1733-4073-AB23-1E3157633920}.CORE-7-183|Any CPU.ActiveCfg = rma|Any CPU
		{E25A0BC6-1733-4073-AB23-1E3157633920}.CORE-7-183|Any CPU.Build.0 = rma|Any CPU
		{E25A0BC6-1733-4073-AB23-1E3157633920}.CORE-7-183|x64.ActiveCfg = rma|Any CPU
		{E25A0BC6-1733-4073-AB23-1E3157633920}.CORE-7-183|x64.Build.0 = rma|Any CPU
		{E25A0BC6-1733-4073-AB23-1E3157633920}.Debug|Any CPU.ActiveCfg = Debug|Any CPU
		{E25A0BC6-1733-4073-AB23-1E3157633920}.Debug|Any CPU.Build.0 = Debug|Any CPU
		{E25A0BC6-1733-4073-AB23-1E3157633920}.Debug|x64.ActiveCfg = Debug|Any CPU
		{E25A0BC6-1733-4073-AB23-1E3157633920}.Debug|x64.Build.0 = Debug|Any CPU
		{E25A0BC6-1733-4073-AB23-1E3157633920}.DEVSERVER|Any CPU.ActiveCfg = Debug|Any CPU
		{E25A0BC6-1733-4073-AB23-1E3157633920}.DEVSERVER|Any CPU.Build.0 = Debug|Any CPU
		{E25A0BC6-1733-4073-AB23-1E3157633920}.DEVSERVER|x64.ActiveCfg = Debug|Any CPU
		{E25A0BC6-1733-4073-AB23-1E3157633920}.DEVSERVER|x64.Build.0 = Debug|Any CPU
		{E25A0BC6-1733-4073-AB23-1E3157633920}.Release|Any CPU.ActiveCfg = Release|Any CPU
		{E25A0BC6-1733-4073-AB23-1E3157633920}.Release|Any CPU.Build.0 = Release|Any CPU
		{E25A0BC6-1733-4073-AB23-1E3157633920}.Release|x64.ActiveCfg = Release|Any CPU
		{E25A0BC6-1733-4073-AB23-1E3157633920}.Release|x64.Build.0 = Release|Any CPU
		{E25A0BC6-1733-4073-AB23-1E3157633920}.rma|Any CPU.ActiveCfg = rma|Any CPU
		{E25A0BC6-1733-4073-AB23-1E3157633920}.rma|Any CPU.Build.0 = rma|Any CPU
		{E25A0BC6-1733-4073-AB23-1E3157633920}.rma|x64.ActiveCfg = rma|Any CPU
		{E25A0BC6-1733-4073-AB23-1E3157633920}.rma|x64.Build.0 = rma|Any CPU
	EndGlobalSection
	GlobalSection(SolutionProperties) = preSolution
		HideSolutionNode = FALSE
	EndGlobalSection
	GlobalSection(TeamFoundationVersionControl) = preSolution
		SccNumberOfProjects = 13
		SccEnterpriseProvider = {4CA58AB2-18FA-4F8D-95D4-32DDF27D184C}
		SccTeamFoundationServer = http://tfs2015.coremig.local:8080/tfs/rma
		SccLocalPath0 = .
		SccProjectUniqueName1 = ..\\..\\Reports\\RMA_DATA\\RMA_DATA.csproj
		SccProjectName1 = ../../Reports/RMA_DATA
		SccLocalPath1 = ..\\..\\Reports\\RMA_DATA
		SccProjectUniqueName2 = TestRDLReportAssembly.csproj
		SccLocalPath2 = .
		SccProjectUniqueName3 = ..\\..\\WPF_PH.root\\WPF_PH\\Core.DataAccess\\Core.DataAccess.csproj
		SccProjectName3 = ../../WPF_PH.root/WPF_PH/Core.DataAccess
		SccLocalPath3 = ..\\..\\WPF_PH.root\\WPF_PH\\Core.DataAccess
		SccProjectUniqueName4 = ..\\..\\WPF_PH.root\\WPF_PH\\Core.ExceptionManagement\\Core.ExceptionManagement.vbproj
		SccProjectName4 = ../../WPF_PH.root/WPF_PH/Core.ExceptionManagement
		SccLocalPath4 = ..\\..\\WPF_PH.root\\WPF_PH\\Core.ExceptionManagement
		SccProjectUniqueName5 = ..\\..\\WPF_PH.root\\WPF_PH\\Core.Framework\\Core.Framework.vbproj
		SccProjectName5 = ../../WPF_PH.root/WPF_PH/Core.Framework
		SccLocalPath5 = ..\\..\\WPF_PH.root\\WPF_PH\\Core.Framework
		SccProjectUniqueName6 = ..\\..\\WPF_PH.root\\WPF_PH\\Core.Framework.Cache\\Core.Framework.Cache.vbproj
		SccProjectName6 = ../../WPF_PH.root/WPF_PH/Core.Framework.Cache
		SccLocalPath6 = ..\\..\\WPF_PH.root\\WPF_PH\\Core.Framework.Cache
		SccProjectUniqueName7 = ..\\..\\WPF_PH.root\\WPF_PH\\Core.Globalization\\Core.Globalization.vbproj
		SccProjectName7 = ../../WPF_PH.root/WPF_PH/Core.Globalization
		SccLocalPath7 = ..\\..\\WPF_PH.root\\WPF_PH\\Core.Globalization
		SccProjectUniqueName8 = ..\\..\\WPF_PH.root\\WPF_PH\\Core.LogManagement\\Core.LogManagement.vbproj
		SccProjectName8 = ../../WPF_PH.root/WPF_PH/Core.LogManagement
		SccLocalPath8 = ..\\..\\WPF_PH.root\\WPF_PH\\Core.LogManagement
		SccProjectUniqueName9 = ..\\..\\WPF_PH.root\\WPF_PH\\Core.ReportFramework\\Core.ReportFramework.vbproj
		SccProjectName9 = ../../WPF_PH.root/WPF_PH/Core.ReportFramework
		SccLocalPath9 = ..\\..\\WPF_PH.root\\WPF_PH\\Core.ReportFramework
		SccProjectUniqueName10 = ..\\..\\WPF_PH.root\\WPF_PH\\Core.Web.UI\\Core.Windows.UI.vbproj
		SccProjectName10 = ../../WPF_PH.root/WPF_PH/Core.Web.UI
		SccLocalPath10 = ..\\..\\WPF_PH.root\\WPF_PH\\Core.Web.UI
		SccProjectUniqueName11 = ..\\..\\WPF_PH.root\\WPF_PH\\Core.RDL.DatasetExtension\\Core.RDL.DataSetExtension.vbproj
		SccProjectName11 = ../../WPF_PH.root/WPF_PH/Core.RDL.DatasetExtension
		SccLocalPath11 = ..\\..\\WPF_PH.root\\WPF_PH\\Core.RDL.DatasetExtension
		SccProjectUniqueName12 = ..\\..\\WPF_PH.root\\WPF_PH\\Core.ExceptionManagement.Interfaces\\Core.ExceptionManagement.Interfaces.vbproj
		SccProjectName12 = ../../WPF_PH.root/WPF_PH/Core.ExceptionManagement.Interfaces
		SccLocalPath12 = ..\\..\\WPF_PH.root\\WPF_PH\\Core.ExceptionManagement.Interfaces
	EndGlobalSection
EndGlobal
