
Microsoft Visual Studio Solution File, Format Version 12.00
# Visual Studio 14
VisualStudioVersion = 14.0.25420.1
MinimumVisualStudioVersion = 10.0.40219.1
Project("{FAE04EC0-301F-11D3-BF4B-00C04F79EFBC}") = "Core.DataAccess", "..\..\Core.DataAccess\Core.DataAccess.csproj", "{FCB11157-E6EF-4896-9779-2F9B282EA4BF}"
EndProject
Project("{F184B08F-C81C-45F6-A57F-5ABD9991F28F}") = "Core.ExceptionManagement.Interfaces", "..\..\Core.ExceptionManagement.Interfaces\Core.ExceptionManagement.Interfaces.vbproj", "{E25A0BC6-1733-4073-AB23-1E3157633920}"
EndProject
Project("{F184B08F-C81C-45F6-A57F-5ABD9991F28F}") = "Core.ExceptionManagement", "..\..\Core.ExceptionManagement\Core.ExceptionManagement.vbproj", "{0C9A26D5-D7BF-40A7-960E-74BB5BD6D57E}"
EndProject
Project("{F184B08F-C81C-45F6-A57F-5ABD9991F28F}") = "Core.Framework", "..\..\Core.Framework\Core.Framework.vbproj", "{A1D086AF-FC23-413A-8E04-E1EBEE338C92}"
EndProject
Project("{F184B08F-C81C-45F6-A57F-5ABD9991F28F}") = "Core.Globalization", "..\..\Core.Globalization\Core.Globalization.vbproj", "{AA6454D5-7C7B-458C-AF31-27535EADD012}"
EndProject
Project("{F184B08F-C81C-45F6-A57F-5ABD9991F28F}") = "Core.Windows.UI", "..\..\Core.Web.UI\Core.Windows.UI.vbproj", "{9C75CCBD-C141-4584-BF03-0D88EA3A3566}"
EndProject
Project("{2150E333-8FDC-42A3-9474-1A3956D46DE8}") = "Solution Items", "Solution Items", "{2495AAB5-35E6-4652-B4D5-2460B9004FE2}"
	ProjectSection(SolutionItems) = preProject
		..\..\Core.SessionManager\Core.SessionManager.dll = ..\..\Core.SessionManager\Core.SessionManager.dll
	EndProjectSection
EndProject
Project("{FAE04EC0-301F-11D3-BF4B-00C04F79EFBC}") = "resolute", "..\..\RESOLUTE\resolute.csproj", "{37F775E1-6F66-47E0-95DD-47A5B1775555}"
EndProject
Global
	GlobalSection(SolutionConfigurationPlatforms) = preSolution
		Debug|Any CPU = Debug|Any CPU
		Debug|Mixed Platforms = Debug|Mixed Platforms
		Debug|x86 = Debug|x86
		Release|Any CPU = Release|Any CPU
		Release|Mixed Platforms = Release|Mixed Platforms
		Release|x86 = Release|x86
		rma|Any CPU = rma|Any CPU
		rma|Mixed Platforms = rma|Mixed Platforms
		rma|x86 = rma|x86
	EndGlobalSection
	GlobalSection(ProjectConfigurationPlatforms) = postSolution
		{FCB11157-E6EF-4896-9779-2F9B282EA4BF}.Debug|Any CPU.ActiveCfg = Debug|Any CPU
		{FCB11157-E6EF-4896-9779-2F9B282EA4BF}.Debug|Any CPU.Build.0 = Debug|Any CPU
		{FCB11157-E6EF-4896-9779-2F9B282EA4BF}.Debug|Mixed Platforms.ActiveCfg = Debug|Any CPU
		{FCB11157-E6EF-4896-9779-2F9B282EA4BF}.Debug|Mixed Platforms.Build.0 = Debug|Any CPU
		{FCB11157-E6EF-4896-9779-2F9B282EA4BF}.Debug|x86.ActiveCfg = Debug|Any CPU
		{FCB11157-E6EF-4896-9779-2F9B282EA4BF}.Release|Any CPU.ActiveCfg = Release|Any CPU
		{FCB11157-E6EF-4896-9779-2F9B282EA4BF}.Release|Any CPU.Build.0 = Release|Any CPU
		{FCB11157-E6EF-4896-9779-2F9B282EA4BF}.Release|Mixed Platforms.ActiveCfg = Release|Any CPU
		{FCB11157-E6EF-4896-9779-2F9B282EA4BF}.Release|Mixed Platforms.Build.0 = Release|Any CPU
		{FCB11157-E6EF-4896-9779-2F9B282EA4BF}.Release|x86.ActiveCfg = Release|Any CPU
		{FCB11157-E6EF-4896-9779-2F9B282EA4BF}.rma|Any CPU.ActiveCfg = Release|Any CPU
		{FCB11157-E6EF-4896-9779-2F9B282EA4BF}.rma|Any CPU.Build.0 = Release|Any CPU
		{FCB11157-E6EF-4896-9779-2F9B282EA4BF}.rma|Mixed Platforms.ActiveCfg = Release|Any CPU
		{FCB11157-E6EF-4896-9779-2F9B282EA4BF}.rma|Mixed Platforms.Build.0 = Release|Any CPU
		{FCB11157-E6EF-4896-9779-2F9B282EA4BF}.rma|x86.ActiveCfg = Release|Any CPU
		{FCB11157-E6EF-4896-9779-2F9B282EA4BF}.rma|x86.Build.0 = Release|Any CPU
		{E25A0BC6-1733-4073-AB23-1E3157633920}.Debug|Any CPU.ActiveCfg = Debug|Any CPU
		{E25A0BC6-1733-4073-AB23-1E3157633920}.Debug|Any CPU.Build.0 = Debug|Any CPU
		{E25A0BC6-1733-4073-AB23-1E3157633920}.Debug|Mixed Platforms.ActiveCfg = Debug|Any CPU
		{E25A0BC6-1733-4073-AB23-1E3157633920}.Debug|Mixed Platforms.Build.0 = Debug|Any CPU
		{E25A0BC6-1733-4073-AB23-1E3157633920}.Debug|x86.ActiveCfg = Debug|Any CPU
		{E25A0BC6-1733-4073-AB23-1E3157633920}.Release|Any CPU.ActiveCfg = Release|Any CPU
		{E25A0BC6-1733-4073-AB23-1E3157633920}.Release|Any CPU.Build.0 = Release|Any CPU
		{E25A0BC6-1733-4073-AB23-1E3157633920}.Release|Mixed Platforms.ActiveCfg = Release|Any CPU
		{E25A0BC6-1733-4073-AB23-1E3157633920}.Release|Mixed Platforms.Build.0 = Release|Any CPU
		{E25A0BC6-1733-4073-AB23-1E3157633920}.Release|x86.ActiveCfg = Release|Any CPU
		{E25A0BC6-1733-4073-AB23-1E3157633920}.rma|Any CPU.ActiveCfg = rma|Any CPU
		{E25A0BC6-1733-4073-AB23-1E3157633920}.rma|Any CPU.Build.0 = rma|Any CPU
		{E25A0BC6-1733-4073-AB23-1E3157633920}.rma|Mixed Platforms.ActiveCfg = rma|Any CPU
		{E25A0BC6-1733-4073-AB23-1E3157633920}.rma|Mixed Platforms.Build.0 = rma|Any CPU
		{E25A0BC6-1733-4073-AB23-1E3157633920}.rma|x86.ActiveCfg = rma|Any CPU
		{E25A0BC6-1733-4073-AB23-1E3157633920}.rma|x86.Build.0 = rma|Any CPU
		{0C9A26D5-D7BF-40A7-960E-74BB5BD6D57E}.Debug|Any CPU.ActiveCfg = Debug|Any CPU
		{0C9A26D5-D7BF-40A7-960E-74BB5BD6D57E}.Debug|Any CPU.Build.0 = Debug|Any CPU
		{0C9A26D5-D7BF-40A7-960E-74BB5BD6D57E}.Debug|Mixed Platforms.ActiveCfg = Debug|Any CPU
		{0C9A26D5-D7BF-40A7-960E-74BB5BD6D57E}.Debug|Mixed Platforms.Build.0 = Debug|Any CPU
		{0C9A26D5-D7BF-40A7-960E-74BB5BD6D57E}.Debug|x86.ActiveCfg = Debug|Any CPU
		{0C9A26D5-D7BF-40A7-960E-74BB5BD6D57E}.Release|Any CPU.ActiveCfg = Release|Any CPU
		{0C9A26D5-D7BF-40A7-960E-74BB5BD6D57E}.Release|Any CPU.Build.0 = Release|Any CPU
		{0C9A26D5-D7BF-40A7-960E-74BB5BD6D57E}.Release|Mixed Platforms.ActiveCfg = Release|Any CPU
		{0C9A26D5-D7BF-40A7-960E-74BB5BD6D57E}.Release|Mixed Platforms.Build.0 = Release|Any CPU
		{0C9A26D5-D7BF-40A7-960E-74BB5BD6D57E}.Release|x86.ActiveCfg = Release|Any CPU
		{0C9A26D5-D7BF-40A7-960E-74BB5BD6D57E}.rma|Any CPU.ActiveCfg = rma|Any CPU
		{0C9A26D5-D7BF-40A7-960E-74BB5BD6D57E}.rma|Any CPU.Build.0 = rma|Any CPU
		{0C9A26D5-D7BF-40A7-960E-74BB5BD6D57E}.rma|Mixed Platforms.ActiveCfg = rma|Any CPU
		{0C9A26D5-D7BF-40A7-960E-74BB5BD6D57E}.rma|Mixed Platforms.Build.0 = rma|Any CPU
		{0C9A26D5-D7BF-40A7-960E-74BB5BD6D57E}.rma|x86.ActiveCfg = rma|Any CPU
		{0C9A26D5-D7BF-40A7-960E-74BB5BD6D57E}.rma|x86.Build.0 = rma|Any CPU
		{A1D086AF-FC23-413A-8E04-E1EBEE338C92}.Debug|Any CPU.ActiveCfg = Debug|Any CPU
		{A1D086AF-FC23-413A-8E04-E1EBEE338C92}.Debug|Any CPU.Build.0 = Debug|Any CPU
		{A1D086AF-FC23-413A-8E04-E1EBEE338C92}.Debug|Mixed Platforms.ActiveCfg = Debug|Any CPU
		{A1D086AF-FC23-413A-8E04-E1EBEE338C92}.Debug|Mixed Platforms.Build.0 = Debug|Any CPU
		{A1D086AF-FC23-413A-8E04-E1EBEE338C92}.Debug|x86.ActiveCfg = Debug|Any CPU
		{A1D086AF-FC23-413A-8E04-E1EBEE338C92}.Release|Any CPU.ActiveCfg = Release|Any CPU
		{A1D086AF-FC23-413A-8E04-E1EBEE338C92}.Release|Any CPU.Build.0 = Release|Any CPU
		{A1D086AF-FC23-413A-8E04-E1EBEE338C92}.Release|Mixed Platforms.ActiveCfg = Release|Any CPU
		{A1D086AF-FC23-413A-8E04-E1EBEE338C92}.Release|Mixed Platforms.Build.0 = Release|Any CPU
		{A1D086AF-FC23-413A-8E04-E1EBEE338C92}.Release|x86.ActiveCfg = Release|Any CPU
		{A1D086AF-FC23-413A-8E04-E1EBEE338C92}.rma|Any CPU.ActiveCfg = Release|Any CPU
		{A1D086AF-FC23-413A-8E04-E1EBEE338C92}.rma|Any CPU.Build.0 = Release|Any CPU
		{A1D086AF-FC23-413A-8E04-E1EBEE338C92}.rma|Mixed Platforms.ActiveCfg = Release|Any CPU
		{A1D086AF-FC23-413A-8E04-E1EBEE338C92}.rma|Mixed Platforms.Build.0 = Release|Any CPU
		{A1D086AF-FC23-413A-8E04-E1EBEE338C92}.rma|x86.ActiveCfg = Release|Any CPU
		{A1D086AF-FC23-413A-8E04-E1EBEE338C92}.rma|x86.Build.0 = Release|Any CPU
		{AA6454D5-7C7B-458C-AF31-27535EADD012}.Debug|Any CPU.ActiveCfg = Debug|Any CPU
		{AA6454D5-7C7B-458C-AF31-27535EADD012}.Debug|Any CPU.Build.0 = Debug|Any CPU
		{AA6454D5-7C7B-458C-AF31-27535EADD012}.Debug|Mixed Platforms.ActiveCfg = Debug|Any CPU
		{AA6454D5-7C7B-458C-AF31-27535EADD012}.Debug|Mixed Platforms.Build.0 = Debug|Any CPU
		{AA6454D5-7C7B-458C-AF31-27535EADD012}.Debug|x86.ActiveCfg = Debug|Any CPU
		{AA6454D5-7C7B-458C-AF31-27535EADD012}.Release|Any CPU.ActiveCfg = Release|Any CPU
		{AA6454D5-7C7B-458C-AF31-27535EADD012}.Release|Any CPU.Build.0 = Release|Any CPU
		{AA6454D5-7C7B-458C-AF31-27535EADD012}.Release|Mixed Platforms.ActiveCfg = Release|Any CPU
		{AA6454D5-7C7B-458C-AF31-27535EADD012}.Release|Mixed Platforms.Build.0 = Release|Any CPU
		{AA6454D5-7C7B-458C-AF31-27535EADD012}.Release|x86.ActiveCfg = Release|Any CPU
		{AA6454D5-7C7B-458C-AF31-27535EADD012}.rma|Any CPU.ActiveCfg = Release|Any CPU
		{AA6454D5-7C7B-458C-AF31-27535EADD012}.rma|Any CPU.Build.0 = Release|Any CPU
		{AA6454D5-7C7B-458C-AF31-27535EADD012}.rma|Mixed Platforms.ActiveCfg = Release|Any CPU
		{AA6454D5-7C7B-458C-AF31-27535EADD012}.rma|Mixed Platforms.Build.0 = Release|Any CPU
		{AA6454D5-7C7B-458C-AF31-27535EADD012}.rma|x86.ActiveCfg = Release|Any CPU
		{AA6454D5-7C7B-458C-AF31-27535EADD012}.rma|x86.Build.0 = Release|Any CPU
		{9C75CCBD-C141-4584-BF03-0D88EA3A3566}.Debug|Any CPU.ActiveCfg = Debug|Any CPU
		{9C75CCBD-C141-4584-BF03-0D88EA3A3566}.Debug|Any CPU.Build.0 = Debug|Any CPU
		{9C75CCBD-C141-4584-BF03-0D88EA3A3566}.Debug|Mixed Platforms.ActiveCfg = Debug|Any CPU
		{9C75CCBD-C141-4584-BF03-0D88EA3A3566}.Debug|Mixed Platforms.Build.0 = Debug|Any CPU
		{9C75CCBD-C141-4584-BF03-0D88EA3A3566}.Debug|x86.ActiveCfg = Debug|Any CPU
		{9C75CCBD-C141-4584-BF03-0D88EA3A3566}.Release|Any CPU.ActiveCfg = Release|Any CPU
		{9C75CCBD-C141-4584-BF03-0D88EA3A3566}.Release|Any CPU.Build.0 = Release|Any CPU
		{9C75CCBD-C141-4584-BF03-0D88EA3A3566}.Release|Mixed Platforms.ActiveCfg = Release|Any CPU
		{9C75CCBD-C141-4584-BF03-0D88EA3A3566}.Release|Mixed Platforms.Build.0 = Release|Any CPU
		{9C75CCBD-C141-4584-BF03-0D88EA3A3566}.Release|x86.ActiveCfg = Release|Any CPU
		{9C75CCBD-C141-4584-BF03-0D88EA3A3566}.rma|Any CPU.ActiveCfg = Release|Any CPU
		{9C75CCBD-C141-4584-BF03-0D88EA3A3566}.rma|Any CPU.Build.0 = Release|Any CPU
		{9C75CCBD-C141-4584-BF03-0D88EA3A3566}.rma|Mixed Platforms.ActiveCfg = Release|Any CPU
		{9C75CCBD-C141-4584-BF03-0D88EA3A3566}.rma|Mixed Platforms.Build.0 = Release|Any CPU
		{9C75CCBD-C141-4584-BF03-0D88EA3A3566}.rma|x86.ActiveCfg = Release|Any CPU
		{9C75CCBD-C141-4584-BF03-0D88EA3A3566}.rma|x86.Build.0 = Release|Any CPU
		{37F775E1-6F66-47E0-95DD-47A5B1775555}.Debug|Any CPU.ActiveCfg = Debug|x86
		{37F775E1-6F66-47E0-95DD-47A5B1775555}.Debug|Mixed Platforms.ActiveCfg = Debug|x86
		{37F775E1-6F66-47E0-95DD-47A5B1775555}.Debug|Mixed Platforms.Build.0 = Debug|x86
		{37F775E1-6F66-47E0-95DD-47A5B1775555}.Debug|x86.ActiveCfg = Debug|x86
		{37F775E1-6F66-47E0-95DD-47A5B1775555}.Debug|x86.Build.0 = Debug|x86
		{37F775E1-6F66-47E0-95DD-47A5B1775555}.Release|Any CPU.ActiveCfg = Release|x86
		{37F775E1-6F66-47E0-95DD-47A5B1775555}.Release|Mixed Platforms.ActiveCfg = Release|x86
		{37F775E1-6F66-47E0-95DD-47A5B1775555}.Release|Mixed Platforms.Build.0 = Release|x86
		{37F775E1-6F66-47E0-95DD-47A5B1775555}.Release|x86.ActiveCfg = Release|x86
		{37F775E1-6F66-47E0-95DD-47A5B1775555}.Release|x86.Build.0 = Release|x86
		{37F775E1-6F66-47E0-95DD-47A5B1775555}.rma|Any CPU.ActiveCfg = rma|x86
		{37F775E1-6F66-47E0-95DD-47A5B1775555}.rma|Mixed Platforms.ActiveCfg = rma|x86
		{37F775E1-6F66-47E0-95DD-47A5B1775555}.rma|Mixed Platforms.Build.0 = rma|x86
		{37F775E1-6F66-47E0-95DD-47A5B1775555}.rma|x86.ActiveCfg = rma|x86
		{37F775E1-6F66-47E0-95DD-47A5B1775555}.rma|x86.Build.0 = rma|x86
	EndGlobalSection
	GlobalSection(SolutionProperties) = preSolution
		HideSolutionNode = FALSE
	EndGlobalSection
	GlobalSection(TeamFoundationVersionControl) = preSolution
		SccNumberOfProjects = 8
		SccEnterpriseProvider = {4CA58AB2-18FA-4F8D-95D4-32DDF27D184C}
		SccTeamFoundationServer = http://tfs2015:8080/tfs/rma
		SccProjectUniqueName0 = ..\\..\\Core.DataAccess\\Core.DataAccess.csproj
		SccProjectName0 = ../../Core.DataAccess
		SccLocalPath0 = ..\\..\\Core.DataAccess
		SccProjectUniqueName1 = ..\\..\\Core.ExceptionManagement.Interfaces\\Core.ExceptionManagement.Interfaces.vbproj
		SccProjectName1 = ../../Core.ExceptionManagement.Interfaces
		SccLocalPath1 = ..\\..\\Core.ExceptionManagement.Interfaces
		SccProjectUniqueName2 = ..\\..\\Core.ExceptionManagement\\Core.ExceptionManagement.vbproj
		SccProjectName2 = ../../Core.ExceptionManagement
		SccLocalPath2 = ..\\..\\Core.ExceptionManagement
		SccProjectUniqueName3 = ..\\..\\Core.Framework\\Core.Framework.vbproj
		SccProjectName3 = ../../Core.Framework
		SccLocalPath3 = ..\\..\\Core.Framework
		SccProjectUniqueName4 = ..\\..\\Core.Globalization\\Core.Globalization.vbproj
		SccProjectName4 = ../../Core.Globalization
		SccLocalPath4 = ..\\..\\Core.Globalization
		SccProjectUniqueName5 = ..\\..\\Core.Web.UI\\Core.Windows.UI.vbproj
		SccProjectName5 = ../../Core.Web.UI
		SccLocalPath5 = ..\\..\\Core.Web.UI
		SccLocalPath6 = .
		SccProjectUniqueName7 = ..\\..\\RESOLUTE\\resolute.csproj
		SccProjectName7 = ../../RESOLUTE
		SccLocalPath7 = ..\\..\\RESOLUTE
	EndGlobalSection
EndGlobal
