
Microsoft Visual Studio Solution File, Format Version 12.00
# Visual Studio 14
VisualStudioVersion = 14.0.25420.1
MinimumVisualStudioVersion = 10.0.40219.1
Project("{F184B08F-C81C-45F6-A57F-5ABD9991F28F}") = "Core.Framework", "Core.Framework.vbproj", "{A1D086AF-FC23-413A-8E04-E1EBEE338C92}"
EndProject
Global
	GlobalSection(SolutionConfigurationPlatforms) = preSolution
		Debug|Any CPU = Debug|Any CPU
		Release|Any CPU = Release|Any CPU
	EndGlobalSection
	GlobalSection(ProjectConfigurationPlatforms) = postSolution
		{A1D086AF-FC23-413A-8E04-E1EBEE338C92}.Debug|Any CPU.ActiveCfg = Debug|Any CPU
		{A1D086AF-FC23-413A-8E04-E1EBEE338C92}.Debug|Any CPU.Build.0 = Debug|Any CPU
		{A1D086AF-FC23-413A-8E04-E1EBEE338C92}.Release|Any CPU.ActiveCfg = Release|Any CPU
		{A1D086AF-FC23-413A-8E04-E1EBEE338C92}.Release|Any CPU.Build.0 = Release|Any CPU
	EndGlobalSection
	GlobalSection(SolutionProperties) = preSolution
		HideSolutionNode = FALSE
	EndGlobalSection
	GlobalSection(TeamFoundationVersionControl) = preSolution
		SccNumberOfProjects = 2
		SccEnterpriseProvider = {4CA58AB2-18FA-4F8D-95D4-32DDF27D184C}
		SccTeamFoundationServer = http://tfs2015.coremig.local:8080/tfs/rma
		SccLocalPath0 = .
		SccProjectUniqueName1 = Core.Framework.vbproj
		SccLocalPath1 = .
	EndGlobalSection
EndGlobal
